
Microsoft Visual Studio Solution File, Format Version 11.00
# Visual Studio 2010
Project("{FAE04EC0-301F-11D3-BF4B-00C04F79EFBC}") = "Spring2.Core.WithTypes", "Spring2.Core.WithTypes.csproj", "{C44F21C0-6817-4C95-BBFF-58661814D2B9}"
EndProject
Project("{FAE04EC0-301F-11D3-BF4B-00C04F79EFBC}") = "Spring2.Core.WithTypesTest", "Spring2.Core.WithTypesTest.csproj", "{51EA5868-FD70-4349-A7F3-0520E2891A85}"
	ProjectSection(ProjectDependencies) = postProject
		{C44F21C0-6817-4C95-BBFF-58661814D2B9} = {C44F21C0-6817-4C95-BBFF-58661814D2B9}
	EndProjectSection
EndProject
Global
	GlobalSection(SolutionConfigurationPlatforms) = preSolution
		Debug|Any CPU = Debug|Any CPU
		NET_4_0|Any CPU = NET_4_0|Any CPU
		Release|Any CPU = Release|Any CPU
	EndGlobalSection
	GlobalSection(ProjectConfigurationPlatforms) = postSolution
		{C44F21C0-6817-4C95-BBFF-58661814D2B9}.Debug|Any CPU.ActiveCfg = Debug|Any CPU
		{C44F21C0-6817-4C95-BBFF-58661814D2B9}.Debug|Any CPU.Build.0 = Debug|Any CPU
		{C44F21C0-6817-4C95-BBFF-58661814D2B9}.NET_4_0|Any CPU.ActiveCfg = NET_4_0|Any CPU
		{C44F21C0-6817-4C95-BBFF-58661814D2B9}.NET_4_0|Any CPU.Build.0 = NET_4_0|Any CPU
		{C44F21C0-6817-4C95-BBFF-58661814D2B9}.Release|Any CPU.ActiveCfg = Release|Any CPU
		{C44F21C0-6817-4C95-BBFF-58661814D2B9}.Release|Any CPU.Build.0 = Release|Any CPU
		{51EA5868-FD70-4349-A7F3-0520E2891A85}.Debug|Any CPU.ActiveCfg = Debug|Any CPU
		{51EA5868-FD70-4349-A7F3-0520E2891A85}.Debug|Any CPU.Build.0 = Debug|Any CPU
		{51EA5868-FD70-4349-A7F3-0520E2891A85}.NET_4_0|Any CPU.ActiveCfg = NET_4_0|Any CPU
		{51EA5868-FD70-4349-A7F3-0520E2891A85}.NET_4_0|Any CPU.Build.0 = NET_4_0|Any CPU
		{51EA5868-FD70-4349-A7F3-0520E2891A85}.Release|Any CPU.ActiveCfg = Release|Any CPU
		{51EA5868-FD70-4349-A7F3-0520E2891A85}.Release|Any CPU.Build.0 = Release|Any CPU
	EndGlobalSection
	GlobalSection(SolutionProperties) = preSolution
		HideSolutionNode = FALSE
	EndGlobalSection
EndGlobal
