Microsoft Visual Studio Solution File, Format Version 8.00
Project("{FAE04EC0-301F-11D3-BF4B-00C04F79EFBC}") = "Spring2.Core", "Spring2.Core.csproj", "{80B94045-4DE6-4BB0-BE22-C5CC0E772695}"
	ProjectSection(ProjectDependencies) = postProject
	EndProjectSection
EndProject
Project("{FAE04EC0-301F-11D3-BF4B-00C04F79EFBC}") = "Spring2.Core.WebControl", "Spring2.Core.WebControl.csproj", "{848F75F0-EEBA-4C76-BF81-A41CF6B5EF98}"
	ProjectSection(ProjectDependencies) = postProject
	EndProjectSection
EndProject
Project("{FAE04EC0-301F-11D3-BF4B-00C04F79EFBC}") = "Spring2.Core.Test", "Spring2.Core.Test.csproj", "{A67DCBD3-90C1-49EF-BBD4-AEE42E3670B3}"
	ProjectSection(ProjectDependencies) = postProject
	EndProjectSection
EndProject
Project("{FAE04EC0-301F-11D3-BF4B-00C04F79EFBC}") = "Spring2.Core.Types", "Spring2.Core.Types.csproj", "{FB2D9DAA-2340-468C-8018-138748DA2EAE}"
	ProjectSection(ProjectDependencies) = postProject
	EndProjectSection
EndProject
Project("{FAE04EC0-301F-11D3-BF4B-00C04F79EFBC}") = "Spring2.Core.WithTypes", "Spring2.Core.WithTypes.csproj", "{C44F21C0-6817-4C95-BBFF-58661814D2B9}"
	ProjectSection(ProjectDependencies) = postProject
	EndProjectSection
EndProject
Project("{FAE04EC0-301F-11D3-BF4B-00C04F79EFBC}") = "Spring2.Core.WithTypesTest", "Spring2.Core.WithTypesTest.csproj", "{51EA5868-FD70-4349-A7F3-0520E2891A85}"
	ProjectSection(ProjectDependencies) = postProject
	EndProjectSection
EndProject
Project("{FAE04EC0-301F-11D3-BF4B-00C04F79EFBC}") = "Spring2.Core.ResourceManager", "Spring2.Core.ResourceManager.csproj", "{37F3BDF5-2449-4E1A-804B-33F7A0B6C44B}"
	ProjectSection(ProjectDependencies) = postProject
	EndProjectSection
EndProject
Project("{FAE04EC0-301F-11D3-BF4B-00C04F79EFBC}") = "Spring2.Reporting.Common", "Spring2.Reporting.Common.csproj", "{53A91AEF-E24F-41E9-AF8D-743F291BEEE1}"
	ProjectSection(ProjectDependencies) = postProject
	EndProjectSection
EndProject
Project("{FAE04EC0-301F-11D3-BF4B-00C04F79EFBC}") = "Spring2.Core.Configuration", "Spring2.Core.Configuration.csproj", "{1A8B880B-0EB3-4841-ADA7-D0D3E9B1E71C}"
	ProjectSection(ProjectDependencies) = postProject
	EndProjectSection
EndProject
Project("{FAE04EC0-301F-11D3-BF4B-00C04F79EFBC}") = "Spring2.Core.Geocode", "Spring2.Core.Geocode.csproj", "{71F4E2DB-E4C3-4C06-AD03-E9F3463D0EC8}"
	ProjectSection(ProjectDependencies) = postProject
	EndProjectSection
EndProject
Project("{FAE04EC0-301F-11D3-BF4B-00C04F79EFBC}") = "Spring2.Core.Cryptography", "Spring2.Core.Cryptography.csproj", "{9BB9D043-76B5-4DEF-B146-4D6F7401154B}"
	ProjectSection(ProjectDependencies) = postProject
	EndProjectSection
EndProject
Project("{FAE04EC0-301F-11D3-BF4B-00C04F79EFBC}") = "Spring2.Core.Mail", "Spring2.Core.Mail.csproj", "{BFE71D4B-66E4-467F-9649-FA699B96AC7A}"
	ProjectSection(ProjectDependencies) = postProject
	EndProjectSection
EndProject
Project("{FAE04EC0-301F-11D3-BF4B-00C04F79EFBC}") = "Spring2.Core.Mail.SendMailMessages", "Spring2.Core.Mail.SendMailMessages.csproj", "{E6030DF4-4C00-4D5C-9B90-6C13E027D913}"
	ProjectSection(ProjectDependencies) = postProject
	EndProjectSection
EndProject
Project("{FAE04EC0-301F-11D3-BF4B-00C04F79EFBC}") = "Spring2.Core.Log4Net", "Spring2.Core.Log4Net.csproj", "{ADC35D1C-39C8-4980-AE2B-57DBAE0838D1}"
	ProjectSection(ProjectDependencies) = postProject
	EndProjectSection
EndProject
Project("{FAE04EC0-301F-11D3-BF4B-00C04F79EFBC}") = "Spring2.Core.Maverick", "Spring2.Core.Maverick.csproj", "{AA7663E2-76AC-4CF3-B830-2D014F6A5166}"
	ProjectSection(ProjectDependencies) = postProject
	EndProjectSection
EndProject
Global
	GlobalSection(SolutionConfiguration) = preSolution
		Debug = Debug
		Release = Release
	EndGlobalSection
	GlobalSection(ProjectConfiguration) = postSolution
		{80B94045-4DE6-4BB0-BE22-C5CC0E772695}.Debug.ActiveCfg = Debug|.NET
		{80B94045-4DE6-4BB0-BE22-C5CC0E772695}.Debug.Build.0 = Debug|.NET
		{80B94045-4DE6-4BB0-BE22-C5CC0E772695}.Release.ActiveCfg = Release|.NET
		{80B94045-4DE6-4BB0-BE22-C5CC0E772695}.Release.Build.0 = Release|.NET
		{848F75F0-EEBA-4C76-BF81-A41CF6B5EF98}.Debug.ActiveCfg = Debug|.NET
		{848F75F0-EEBA-4C76-BF81-A41CF6B5EF98}.Debug.Build.0 = Debug|.NET
		{848F75F0-EEBA-4C76-BF81-A41CF6B5EF98}.Release.ActiveCfg = Release|.NET
		{848F75F0-EEBA-4C76-BF81-A41CF6B5EF98}.Release.Build.0 = Release|.NET
		{A67DCBD3-90C1-49EF-BBD4-AEE42E3670B3}.Debug.ActiveCfg = Debug|.NET
		{A67DCBD3-90C1-49EF-BBD4-AEE42E3670B3}.Debug.Build.0 = Debug|.NET
		{A67DCBD3-90C1-49EF-BBD4-AEE42E3670B3}.Release.ActiveCfg = Release|.NET
		{A67DCBD3-90C1-49EF-BBD4-AEE42E3670B3}.Release.Build.0 = Release|.NET
		{FB2D9DAA-2340-468C-8018-138748DA2EAE}.Debug.ActiveCfg = Debug|.NET
		{FB2D9DAA-2340-468C-8018-138748DA2EAE}.Debug.Build.0 = Debug|.NET
		{FB2D9DAA-2340-468C-8018-138748DA2EAE}.Release.ActiveCfg = Release|.NET
		{FB2D9DAA-2340-468C-8018-138748DA2EAE}.Release.Build.0 = Release|.NET
		{C44F21C0-6817-4C95-BBFF-58661814D2B9}.Debug.ActiveCfg = Debug|.NET
		{C44F21C0-6817-4C95-BBFF-58661814D2B9}.Debug.Build.0 = Debug|.NET
		{C44F21C0-6817-4C95-BBFF-58661814D2B9}.Release.ActiveCfg = Release|.NET
		{C44F21C0-6817-4C95-BBFF-58661814D2B9}.Release.Build.0 = Release|.NET
		{51EA5868-FD70-4349-A7F3-0520E2891A85}.Debug.ActiveCfg = Debug|.NET
		{51EA5868-FD70-4349-A7F3-0520E2891A85}.Debug.Build.0 = Debug|.NET
		{51EA5868-FD70-4349-A7F3-0520E2891A85}.Release.ActiveCfg = Release|.NET
		{51EA5868-FD70-4349-A7F3-0520E2891A85}.Release.Build.0 = Release|.NET
		{37F3BDF5-2449-4E1A-804B-33F7A0B6C44B}.Debug.ActiveCfg = Debug|.NET
		{37F3BDF5-2449-4E1A-804B-33F7A0B6C44B}.Debug.Build.0 = Debug|.NET
		{37F3BDF5-2449-4E1A-804B-33F7A0B6C44B}.Release.ActiveCfg = Release|.NET
		{37F3BDF5-2449-4E1A-804B-33F7A0B6C44B}.Release.Build.0 = Release|.NET
		{53A91AEF-E24F-41E9-AF8D-743F291BEEE1}.Debug.ActiveCfg = Debug|.NET
		{53A91AEF-E24F-41E9-AF8D-743F291BEEE1}.Debug.Build.0 = Debug|.NET
		{53A91AEF-E24F-41E9-AF8D-743F291BEEE1}.Release.ActiveCfg = Release|.NET
		{53A91AEF-E24F-41E9-AF8D-743F291BEEE1}.Release.Build.0 = Release|.NET
		{1A8B880B-0EB3-4841-ADA7-D0D3E9B1E71C}.Debug.ActiveCfg = Debug|.NET
		{1A8B880B-0EB3-4841-ADA7-D0D3E9B1E71C}.Debug.Build.0 = Debug|.NET
		{1A8B880B-0EB3-4841-ADA7-D0D3E9B1E71C}.Release.ActiveCfg = Release|.NET
		{1A8B880B-0EB3-4841-ADA7-D0D3E9B1E71C}.Release.Build.0 = Release|.NET
		{71F4E2DB-E4C3-4C06-AD03-E9F3463D0EC8}.Debug.ActiveCfg = Debug|.NET
		{71F4E2DB-E4C3-4C06-AD03-E9F3463D0EC8}.Debug.Build.0 = Debug|.NET
		{71F4E2DB-E4C3-4C06-AD03-E9F3463D0EC8}.Release.ActiveCfg = Release|.NET
		{71F4E2DB-E4C3-4C06-AD03-E9F3463D0EC8}.Release.Build.0 = Release|.NET
		{9BB9D043-76B5-4DEF-B146-4D6F7401154B}.Debug.ActiveCfg = Debug|.NET
		{9BB9D043-76B5-4DEF-B146-4D6F7401154B}.Debug.Build.0 = Debug|.NET
		{9BB9D043-76B5-4DEF-B146-4D6F7401154B}.Release.ActiveCfg = Release|.NET
		{9BB9D043-76B5-4DEF-B146-4D6F7401154B}.Release.Build.0 = Release|.NET
		{BFE71D4B-66E4-467F-9649-FA699B96AC7A}.Debug.ActiveCfg = Debug|.NET
		{BFE71D4B-66E4-467F-9649-FA699B96AC7A}.Debug.Build.0 = Debug|.NET
		{BFE71D4B-66E4-467F-9649-FA699B96AC7A}.Release.ActiveCfg = Release|.NET
		{BFE71D4B-66E4-467F-9649-FA699B96AC7A}.Release.Build.0 = Release|.NET
		{E6030DF4-4C00-4D5C-9B90-6C13E027D913}.Debug.ActiveCfg = Debug|.NET
		{E6030DF4-4C00-4D5C-9B90-6C13E027D913}.Debug.Build.0 = Debug|.NET
		{E6030DF4-4C00-4D5C-9B90-6C13E027D913}.Release.ActiveCfg = Release|.NET
		{E6030DF4-4C00-4D5C-9B90-6C13E027D913}.Release.Build.0 = Release|.NET
		{ADC35D1C-39C8-4980-AE2B-57DBAE0838D1}.Debug.ActiveCfg = Debug|.NET
		{ADC35D1C-39C8-4980-AE2B-57DBAE0838D1}.Debug.Build.0 = Debug|.NET
		{ADC35D1C-39C8-4980-AE2B-57DBAE0838D1}.Release.ActiveCfg = Release|.NET
		{ADC35D1C-39C8-4980-AE2B-57DBAE0838D1}.Release.Build.0 = Release|.NET
		{AA7663E2-76AC-4CF3-B830-2D014F6A5166}.Debug.ActiveCfg = Debug|.NET
		{AA7663E2-76AC-4CF3-B830-2D014F6A5166}.Debug.Build.0 = Debug|.NET
		{AA7663E2-76AC-4CF3-B830-2D014F6A5166}.Release.ActiveCfg = Release|.NET
		{AA7663E2-76AC-4CF3-B830-2D014F6A5166}.Release.Build.0 = Release|.NET
	EndGlobalSection
	GlobalSection(ExtensibilityGlobals) = postSolution
	EndGlobalSection
	GlobalSection(ExtensibilityAddIns) = postSolution
	EndGlobalSection
EndGlobal
