Microsoft Visual Studio Solution File, Format Version 7.00
Project("{FAE04EC0-301F-11D3-BF4B-00C04F79EFBC}") = "Spring2.Core", "Spring2.Core.csproj", "{80B94045-4DE6-4BB0-BE22-C5CC0E772695}"
EndProject
Global
	GlobalSection(SolutionConfiguration) = preSolution
		ConfigName.0 = Debug
		ConfigName.1 = Release
	EndGlobalSection
	GlobalSection(ProjectDependencies) = postSolution
	EndGlobalSection
	GlobalSection(ProjectConfiguration) = postSolution
		{80B94045-4DE6-4BB0-BE22-C5CC0E772695}.Debug.ActiveCfg = Debug|.NET
		{80B94045-4DE6-4BB0-BE22-C5CC0E772695}.Debug.Build.0 = Debug|.NET
		{80B94045-4DE6-4BB0-BE22-C5CC0E772695}.Release.ActiveCfg = Release|.NET
		{80B94045-4DE6-4BB0-BE22-C5CC0E772695}.Release.Build.0 = Release|.NET
	EndGlobalSection
	GlobalSection(ExtensibilityGlobals) = postSolution
	EndGlobalSection
	GlobalSection(ExtensibilityAddIns) = postSolution
	EndGlobalSection
EndGlobal
