Microsoft Visual Studio Solution File, Format Version 11.00
# Visual Studio 2010
Project("{FAE04EC0-301F-11D3-BF4B-00C04F79EFBC}") = "Spring2.Core", "Spring2.Core.csproj", "{80B94045-4DE6-4BB0-BE22-C5CC0E772695}"
EndProject
Project("{FAE04EC0-301F-11D3-BF4B-00C04F79EFBC}") = "Spring2.Core.WebControl", "Spring2.Core.WebControl.csproj", "{848F75F0-EEBA-4C76-BF81-A41CF6B5EF98}"
EndProject
Project("{FAE04EC0-301F-11D3-BF4B-00C04F79EFBC}") = "Spring2.Core.Test", "Spring2.Core.Test.csproj", "{A67DCBD3-90C1-49EF-BBD4-AEE42E3670B3}"
EndProject
Project("{FAE04EC0-301F-11D3-BF4B-00C04F79EFBC}") = "Spring2.Core.Types", "Spring2.Core.Types.csproj", "{FB2D9DAA-2340-468C-8018-138748DA2EAE}"
EndProject
Project("{FAE04EC0-301F-11D3-BF4B-00C04F79EFBC}") = "Spring2.Core.Reporting", "Spring2.Core.Reporting.csproj", "{53A91AEF-E24F-41E9-AF8D-743F291BEEE1}"
EndProject
Project("{FAE04EC0-301F-11D3-BF4B-00C04F79EFBC}") = "Spring2.Core.Configuration", "Spring2.Core.Configuration.csproj", "{1A8B880B-0EB3-4841-ADA7-D0D3E9B1E71C}"
EndProject
Project("{FAE04EC0-301F-11D3-BF4B-00C04F79EFBC}") = "Spring2.Core.Geocode", "Spring2.Core.Geocode.csproj", "{71F4E2DB-E4C3-4C06-AD03-E9F3463D0EC8}"
EndProject
Project("{FAE04EC0-301F-11D3-BF4B-00C04F79EFBC}") = "Spring2.Core.Cryptography", "Spring2.Core.Cryptography.csproj", "{9BB9D043-76B5-4DEF-B146-4D6F7401154B}"
EndProject
Project("{FAE04EC0-301F-11D3-BF4B-00C04F79EFBC}") = "Spring2.Core.Mail", "Spring2.Core.Mail.csproj", "{BFE71D4B-66E4-467F-9649-FA699B96AC7A}"
EndProject
Project("{FAE04EC0-301F-11D3-BF4B-00C04F79EFBC}") = "Spring2.Core.Mail.SendMailMessages", "Spring2.Core.Mail.SendMailMessages.csproj", "{E6030DF4-4C00-4D5C-9B90-6C13E027D913}"
EndProject
Project("{FAE04EC0-301F-11D3-BF4B-00C04F79EFBC}") = "Spring2.Core.Log4Net", "Spring2.Core.Log4Net.csproj", "{ADC35D1C-39C8-4980-AE2B-57DBAE0838D1}"
EndProject
Project("{FAE04EC0-301F-11D3-BF4B-00C04F79EFBC}") = "Spring2.Core.Maverick", "Spring2.Core.Maverick.csproj", "{AA7663E2-76AC-4CF3-B830-2D014F6A5166}"
EndProject
Project("{FAE04EC0-301F-11D3-BF4B-00C04F79EFBC}") = "Spring2.Core.Security", "Spring2.Core.Security.csproj", "{AE5DC4B5-476C-441F-88F2-EEB268D90121}"
EndProject
Project("{FAE04EC0-301F-11D3-BF4B-00C04F79EFBC}") = "Spring2.Core.PropertyPopulator", "Spring2.Core.PropertyPopulator.csproj", "{A82A4D4A-007B-4870-9C24-DE21C287B43D}"
EndProject
Project("{FAE04EC0-301F-11D3-BF4B-00C04F79EFBC}") = "Spring2.Core.ResourceManager.AcceptanceTest", "Spring2.Core.ResourceManager.AcceptanceTest.csproj", "{C399F1F7-A3FE-40AC-84E7-CF34FEA80124}"
EndProject
Project("{FAE04EC0-301F-11D3-BF4B-00C04F79EFBC}") = "Spring2.Core.ResourceManager.BusinessLogic", "Spring2.Core.ResourceManager.BusinessLogic.csproj", "{829FBB2E-45E9-43AD-B987-9484CE3671E2}"
EndProject
Project("{FAE04EC0-301F-11D3-BF4B-00C04F79EFBC}") = "Spring2.Core.ResourceManager.DataObject", "Spring2.Core.ResourceManager.DataObject.csproj", "{EE6B2078-6D63-47D0-A837-3DC0859DA7E7}"
EndProject
Project("{FAE04EC0-301F-11D3-BF4B-00C04F79EFBC}") = "Spring2.Core.ResourceManager.ResourceLocalizer", "Spring2.Core.ResourceManager.ResourceLocalizer.csproj", "{944540DA-1BBA-492D-8FF9-CE3236B82345}"
EndProject
Project("{FAE04EC0-301F-11D3-BF4B-00C04F79EFBC}") = "Spring2.Core.ResourceManager.TestUtility", "Spring2.Core.ResourceManager.TestUtility.csproj", "{3A0ED9F3-B2F4-4E32-BF91-4A20632E3C17}"
EndProject
Project("{FAE04EC0-301F-11D3-BF4B-00C04F79EFBC}") = "Spring2.Core.ResourceManager.ResourceEditor", "Spring2.Core.ResourceManager.ResourceEditor.csproj", "{0EDE568C-7311-4FAD-8C8F-5E7AE8988E00}"
EndProject
Project("{FAE04EC0-301F-11D3-BF4B-00C04F79EFBC}") = "Spring2.Core.Payment", "Spring2.Core.Payment.csproj", "{F490E6C4-2B1C-4EC8-8D89-80EC80B93C70}"
EndProject
Project("{FAE04EC0-301F-11D3-BF4B-00C04F79EFBC}") = "Spring2.Core.Soap", "Spring2.Core.Soap.csproj", "{533B92EA-13A3-4A45-A55F-7E2586AEFCC9}"
EndProject
Project("{FAE04EC0-301F-11D3-BF4B-00C04F79EFBC}") = "Spring2.Core.Tax", "Spring2.Core.Tax.csproj", "{A64B9B05-C8D0-4298-82D9-441A9D3F2E40}"
EndProject
Project("{FAE04EC0-301F-11D3-BF4B-00C04F79EFBC}") = "Spring2.Core.Payment.Test", "Spring2.Core.Payment.Test.csproj", "{08694813-3503-4CF5-9E5D-03848AAB0471}"
EndProject
Project("{FAE04EC0-301F-11D3-BF4B-00C04F79EFBC}") = "Spring2.Core.AddressValidation", "Spring2.Core.AddressValidation.csproj", "{94DC8DD8-CEEA-45E0-8290-F5BD3C1B18CC}"
EndProject
Project("{FAE04EC0-301F-11D3-BF4B-00C04F79EFBC}") = "Spring2.Core.Tax.Test", "Spring2.Core.Tax.Test.csproj", "{82A9222F-075A-4B76-BA68-9A421DB09A28}"
EndProject
Project("{FAE04EC0-301F-11D3-BF4B-00C04F79EFBC}") = "Spring2.Core.AddressValidation.Test", "Spring2.Core.AddressValidation.Test.csproj", "{B6FBABB4-6206-41B2-BD7C-C67E1D3D9EAA}"
	ProjectSection(ProjectDependencies) = postProject
		{80B94045-4DE6-4BB0-BE22-C5CC0E772695} = {80B94045-4DE6-4BB0-BE22-C5CC0E772695}
		{94DC8DD8-CEEA-45E0-8290-F5BD3C1B18CC} = {94DC8DD8-CEEA-45E0-8290-F5BD3C1B18CC}
	EndProjectSection
EndProject
Project("{FAE04EC0-301F-11D3-BF4B-00C04F79EFBC}") = "Spring2.Core.Navigation", "Spring2.Core.Navigation.csproj", "{5500F7FB-3506-4AC6-A52D-9DD8FC3B4583}"
EndProject
Project("{FAE04EC0-301F-11D3-BF4B-00C04F79EFBC}") = "Spring2.Core.Geocode.TeleAtlasWS", "Spring2.Core.Geocode.TeleAtlasWS.csproj", "{06211A7B-46F9-4E4F-AA71-7F865B75CA89}"
EndProject
Project("{FAE04EC0-301F-11D3-BF4B-00C04F79EFBC}") = "Spring2.Core.Geocode.TeleAtlasExe", "Spring2.Core.Geocode.TeleAtlasExe.csproj", "{73136F36-FFAE-4627-806E-8A59EDF59157}"
EndProject
Project("{FAE04EC0-301F-11D3-BF4B-00C04F79EFBC}") = "Spring2.Core.MSBuild.CustomTask", "Spring2.Core.MSBuild.CustomTask.csproj", "{85CEB798-6503-4F55-ADC2-0A55DD69E21C}"
EndProject
Project("{FAE04EC0-301F-11D3-BF4B-00C04F79EFBC}") = "Spring2.Core.PostSharp", "Spring2.Core.PostSharp.csproj", "{599950D0-BE0E-4DD8-8D8A-89213A7F2265}"
EndProject
Project("{FAE04EC0-301F-11D3-BF4B-00C04F79EFBC}") = "Spring2.Core.HTTP", "Spring2.Core.HTTP.csproj", "{1F27C30E-D5B9-4BFF-A350-B8D08122B677}"
EndProject
Project("{FAE04EC0-301F-11D3-BF4B-00C04F79EFBC}") = "Spring2.Core.StyleCop", "Spring2.Core.StyleCop.csproj", "{3F95B01D-0285-459C-A1EA-61919B8C8E0F}"
EndProject
Project("{FAE04EC0-301F-11D3-BF4B-00C04F79EFBC}") = "Spring2.Core.PerformanceMonitor", "Spring2.Core.PerformanceMonitor.csproj", "{0B65B021-66CF-4810-82D0-878E730F7E1A}"
EndProject
Project("{FAE04EC0-301F-11D3-BF4B-00C04F79EFBC}") = "Spring2.Core.PerformanceMonitor.Test", "Spring2.Core.PerformanceMonitor.Test.csproj", "{111D11D4-A5B1-4348-973E-BCB60B6F4A09}"
EndProject
Project("{FAE04EC0-301F-11D3-BF4B-00C04F79EFBC}") = "Spring2.Core.PerformanceMonitor.WindowsService", "Spring2.Core.PerformanceMonitor.WindowsService.csproj", "{F2BB1376-2228-4D32-8220-E8D6CD61EFD2}"
EndProject
Project("{FAE04EC0-301F-11D3-BF4B-00C04F79EFBC}") = "Spring2.Core.SeleniumLoadTester", "Spring2.Core.SeleniumLoadTester.csproj", "{EF0FE527-1B39-4739-9F60-581B2D56789B}"
EndProject
Project("{FAE04EC0-301F-11D3-BF4B-00C04F79EFBC}") = "Spring2.Core.SeleniumLoadTest", "Spring2.Core.SeleniumLoadTest.csproj", "{703A4208-BE66-4039-890E-572F937F8D17}"
EndProject
Project("{FAE04EC0-301F-11D3-BF4B-00C04F79EFBC}") = "Spring2.Core.Currency", "Spring2.Core.Currency.csproj", "{1CA600DC-4B3A-4B1A-A3E8-E505594B853D}"
EndProject
Project("{FAE04EC0-301F-11D3-BF4B-00C04F79EFBC}") = "Spring2.Core.Currency.UpdateCurrencyExchange", "Spring2.Core.Currency.UpdateCurrencyExchange.csproj", "{95BA6975-BE85-4439-ACF8-2FDCC5238AD8}"
EndProject
Project("{FAE04EC0-301F-11D3-BF4B-00C04F79EFBC}") = "Spring2.Core.Shipping", "Spring2.Core.Shipping.csproj", "{FAE72538-9C15-4E44-BFA4-FFB15541D0D7}"
EndProject
Project("{FAE04EC0-301F-11D3-BF4B-00C04F79EFBC}") = "Spring2.Core.Shipping.Test", "Spring2.Core.Shipping.Test.csproj", "{DE0FCF96-8BDA-4A8E-9FBA-FD25CA1CD012}"
EndProject
Project("{FAE04EC0-301F-11D3-BF4B-00C04F79EFBC}") = "Spring2.Core.Publication", "Spring2.Core.Publication.csproj", "{2DD981E6-ECCB-4D2E-BCF9-9A0D194BDE8E}"
EndProject
Project("{FAE04EC0-301F-11D3-BF4B-00C04F79EFBC}") = "Spring2.Core.Publication.PublicationService", "Spring2.Core.Publication.PublicationService.csproj", "{EE84C812-B6A0-496C-9370-48B5312AAB93}"
EndProject
Project("{FAE04EC0-301F-11D3-BF4B-00C04F79EFBC}") = "Spring2.Core.Publication.Test", "Spring2.Core.Publication.Test.csproj", "{477ADB48-CF73-4266-A31D-1F90F352676C}"
EndProject
Project("{FAE04EC0-301F-11D3-BF4B-00C04F79EFBC}") = "Spring2.Core.PostSharp.Test", "Spring2.Core.PostSharp.Test.csproj", "{6A818A71-7B55-49E7-B9C1-437F36074D39}"
EndProject
Global
	GlobalSection(SolutionConfigurationPlatforms) = preSolution
		Debug|Any CPU = Debug|Any CPU
		Debug|x86 = Debug|x86
		NET_1_1|Any CPU = NET_1_1|Any CPU
		NET_1_1|x86 = NET_1_1|x86
		NET_2_0|Any CPU = NET_2_0|Any CPU
		NET_2_0|x86 = NET_2_0|x86
		Release|Any CPU = Release|Any CPU
		Release|x86 = Release|x86
	EndGlobalSection
	GlobalSection(ProjectConfigurationPlatforms) = postSolution
		{80B94045-4DE6-4BB0-BE22-C5CC0E772695}.Debug|Any CPU.ActiveCfg = Debug|Any CPU
		{80B94045-4DE6-4BB0-BE22-C5CC0E772695}.Debug|Any CPU.Build.0 = Debug|Any CPU
		{80B94045-4DE6-4BB0-BE22-C5CC0E772695}.Debug|x86.ActiveCfg = Debug|Any CPU
		{80B94045-4DE6-4BB0-BE22-C5CC0E772695}.NET_1_1|Any CPU.ActiveCfg = NET_1_1|Any CPU
		{80B94045-4DE6-4BB0-BE22-C5CC0E772695}.NET_1_1|Any CPU.Build.0 = NET_1_1|Any CPU
		{80B94045-4DE6-4BB0-BE22-C5CC0E772695}.NET_1_1|x86.ActiveCfg = NET_1_1|Any CPU
		{80B94045-4DE6-4BB0-BE22-C5CC0E772695}.NET_2_0|Any CPU.ActiveCfg = NET_2_0|Any CPU
		{80B94045-4DE6-4BB0-BE22-C5CC0E772695}.NET_2_0|Any CPU.Build.0 = NET_2_0|Any CPU
		{80B94045-4DE6-4BB0-BE22-C5CC0E772695}.NET_2_0|x86.ActiveCfg = NET_2_0|Any CPU
		{80B94045-4DE6-4BB0-BE22-C5CC0E772695}.Release|Any CPU.ActiveCfg = Release|Any CPU
		{80B94045-4DE6-4BB0-BE22-C5CC0E772695}.Release|Any CPU.Build.0 = Release|Any CPU
		{80B94045-4DE6-4BB0-BE22-C5CC0E772695}.Release|x86.ActiveCfg = Release|Any CPU
		{848F75F0-EEBA-4C76-BF81-A41CF6B5EF98}.Debug|Any CPU.ActiveCfg = Debug|Any CPU
		{848F75F0-EEBA-4C76-BF81-A41CF6B5EF98}.Debug|Any CPU.Build.0 = Debug|Any CPU
		{848F75F0-EEBA-4C76-BF81-A41CF6B5EF98}.Debug|x86.ActiveCfg = Debug|Any CPU
		{848F75F0-EEBA-4C76-BF81-A41CF6B5EF98}.NET_1_1|Any CPU.ActiveCfg = NET_1_1|Any CPU
		{848F75F0-EEBA-4C76-BF81-A41CF6B5EF98}.NET_1_1|Any CPU.Build.0 = NET_1_1|Any CPU
		{848F75F0-EEBA-4C76-BF81-A41CF6B5EF98}.NET_1_1|x86.ActiveCfg = NET_1_1|Any CPU
		{848F75F0-EEBA-4C76-BF81-A41CF6B5EF98}.NET_2_0|Any CPU.ActiveCfg = NET_2_0|Any CPU
		{848F75F0-EEBA-4C76-BF81-A41CF6B5EF98}.NET_2_0|Any CPU.Build.0 = NET_2_0|Any CPU
		{848F75F0-EEBA-4C76-BF81-A41CF6B5EF98}.NET_2_0|x86.ActiveCfg = NET_2_0|Any CPU
		{848F75F0-EEBA-4C76-BF81-A41CF6B5EF98}.Release|Any CPU.ActiveCfg = Release|Any CPU
		{848F75F0-EEBA-4C76-BF81-A41CF6B5EF98}.Release|Any CPU.Build.0 = Release|Any CPU
		{848F75F0-EEBA-4C76-BF81-A41CF6B5EF98}.Release|x86.ActiveCfg = Release|Any CPU
		{A67DCBD3-90C1-49EF-BBD4-AEE42E3670B3}.Debug|Any CPU.ActiveCfg = Debug|Any CPU
		{A67DCBD3-90C1-49EF-BBD4-AEE42E3670B3}.Debug|Any CPU.Build.0 = Debug|Any CPU
		{A67DCBD3-90C1-49EF-BBD4-AEE42E3670B3}.Debug|x86.ActiveCfg = Debug|x86
		{A67DCBD3-90C1-49EF-BBD4-AEE42E3670B3}.Debug|x86.Build.0 = Debug|x86
		{A67DCBD3-90C1-49EF-BBD4-AEE42E3670B3}.NET_1_1|Any CPU.ActiveCfg = NET_1_1|Any CPU
		{A67DCBD3-90C1-49EF-BBD4-AEE42E3670B3}.NET_1_1|Any CPU.Build.0 = NET_1_1|Any CPU
		{A67DCBD3-90C1-49EF-BBD4-AEE42E3670B3}.NET_1_1|x86.ActiveCfg = NET_1_1|x86
		{A67DCBD3-90C1-49EF-BBD4-AEE42E3670B3}.NET_1_1|x86.Build.0 = NET_1_1|x86
		{A67DCBD3-90C1-49EF-BBD4-AEE42E3670B3}.NET_2_0|Any CPU.ActiveCfg = NET_2_0|Any CPU
		{A67DCBD3-90C1-49EF-BBD4-AEE42E3670B3}.NET_2_0|Any CPU.Build.0 = NET_2_0|Any CPU
		{A67DCBD3-90C1-49EF-BBD4-AEE42E3670B3}.NET_2_0|x86.ActiveCfg = NET_2_0|x86
		{A67DCBD3-90C1-49EF-BBD4-AEE42E3670B3}.NET_2_0|x86.Build.0 = NET_2_0|x86
		{A67DCBD3-90C1-49EF-BBD4-AEE42E3670B3}.Release|Any CPU.ActiveCfg = Release|Any CPU
		{A67DCBD3-90C1-49EF-BBD4-AEE42E3670B3}.Release|Any CPU.Build.0 = Release|Any CPU
		{A67DCBD3-90C1-49EF-BBD4-AEE42E3670B3}.Release|x86.ActiveCfg = Release|x86
		{A67DCBD3-90C1-49EF-BBD4-AEE42E3670B3}.Release|x86.Build.0 = Release|x86
		{FB2D9DAA-2340-468C-8018-138748DA2EAE}.Debug|Any CPU.ActiveCfg = Debug|Any CPU
		{FB2D9DAA-2340-468C-8018-138748DA2EAE}.Debug|Any CPU.Build.0 = Debug|Any CPU
		{FB2D9DAA-2340-468C-8018-138748DA2EAE}.Debug|x86.ActiveCfg = Debug|Any CPU
		{FB2D9DAA-2340-468C-8018-138748DA2EAE}.NET_1_1|Any CPU.ActiveCfg = NET_1_1|Any CPU
		{FB2D9DAA-2340-468C-8018-138748DA2EAE}.NET_1_1|Any CPU.Build.0 = NET_1_1|Any CPU
		{FB2D9DAA-2340-468C-8018-138748DA2EAE}.NET_1_1|x86.ActiveCfg = NET_1_1|Any CPU
		{FB2D9DAA-2340-468C-8018-138748DA2EAE}.NET_2_0|Any CPU.ActiveCfg = NET_2_0|Any CPU
		{FB2D9DAA-2340-468C-8018-138748DA2EAE}.NET_2_0|Any CPU.Build.0 = NET_2_0|Any CPU
		{FB2D9DAA-2340-468C-8018-138748DA2EAE}.NET_2_0|x86.ActiveCfg = NET_2_0|Any CPU
		{FB2D9DAA-2340-468C-8018-138748DA2EAE}.Release|Any CPU.ActiveCfg = Release|Any CPU
		{FB2D9DAA-2340-468C-8018-138748DA2EAE}.Release|Any CPU.Build.0 = Release|Any CPU
		{FB2D9DAA-2340-468C-8018-138748DA2EAE}.Release|x86.ActiveCfg = Release|Any CPU
		{53A91AEF-E24F-41E9-AF8D-743F291BEEE1}.Debug|Any CPU.ActiveCfg = Debug|Any CPU
		{53A91AEF-E24F-41E9-AF8D-743F291BEEE1}.Debug|Any CPU.Build.0 = Debug|Any CPU
		{53A91AEF-E24F-41E9-AF8D-743F291BEEE1}.Debug|x86.ActiveCfg = Debug|Any CPU
		{53A91AEF-E24F-41E9-AF8D-743F291BEEE1}.NET_1_1|Any CPU.ActiveCfg = NET_1_1|Any CPU
		{53A91AEF-E24F-41E9-AF8D-743F291BEEE1}.NET_1_1|Any CPU.Build.0 = NET_1_1|Any CPU
		{53A91AEF-E24F-41E9-AF8D-743F291BEEE1}.NET_1_1|x86.ActiveCfg = NET_1_1|Any CPU
		{53A91AEF-E24F-41E9-AF8D-743F291BEEE1}.NET_2_0|Any CPU.ActiveCfg = NET_2_0|Any CPU
		{53A91AEF-E24F-41E9-AF8D-743F291BEEE1}.NET_2_0|Any CPU.Build.0 = NET_2_0|Any CPU
		{53A91AEF-E24F-41E9-AF8D-743F291BEEE1}.NET_2_0|x86.ActiveCfg = NET_2_0|Any CPU
		{53A91AEF-E24F-41E9-AF8D-743F291BEEE1}.Release|Any CPU.ActiveCfg = Release|Any CPU
		{53A91AEF-E24F-41E9-AF8D-743F291BEEE1}.Release|Any CPU.Build.0 = Release|Any CPU
		{53A91AEF-E24F-41E9-AF8D-743F291BEEE1}.Release|x86.ActiveCfg = Release|Any CPU
		{1A8B880B-0EB3-4841-ADA7-D0D3E9B1E71C}.Debug|Any CPU.ActiveCfg = Debug|Any CPU
		{1A8B880B-0EB3-4841-ADA7-D0D3E9B1E71C}.Debug|Any CPU.Build.0 = Debug|Any CPU
		{1A8B880B-0EB3-4841-ADA7-D0D3E9B1E71C}.Debug|x86.ActiveCfg = Debug|Any CPU
		{1A8B880B-0EB3-4841-ADA7-D0D3E9B1E71C}.NET_1_1|Any CPU.ActiveCfg = NET_1_1|Any CPU
		{1A8B880B-0EB3-4841-ADA7-D0D3E9B1E71C}.NET_1_1|Any CPU.Build.0 = NET_1_1|Any CPU
		{1A8B880B-0EB3-4841-ADA7-D0D3E9B1E71C}.NET_1_1|x86.ActiveCfg = NET_1_1|Any CPU
		{1A8B880B-0EB3-4841-ADA7-D0D3E9B1E71C}.NET_2_0|Any CPU.ActiveCfg = NET_2_0|Any CPU
		{1A8B880B-0EB3-4841-ADA7-D0D3E9B1E71C}.NET_2_0|Any CPU.Build.0 = NET_2_0|Any CPU
		{1A8B880B-0EB3-4841-ADA7-D0D3E9B1E71C}.NET_2_0|x86.ActiveCfg = NET_2_0|Any CPU
		{1A8B880B-0EB3-4841-ADA7-D0D3E9B1E71C}.Release|Any CPU.ActiveCfg = Release|Any CPU
		{1A8B880B-0EB3-4841-ADA7-D0D3E9B1E71C}.Release|Any CPU.Build.0 = Release|Any CPU
		{1A8B880B-0EB3-4841-ADA7-D0D3E9B1E71C}.Release|x86.ActiveCfg = Release|Any CPU
		{71F4E2DB-E4C3-4C06-AD03-E9F3463D0EC8}.Debug|Any CPU.ActiveCfg = Debug|Any CPU
		{71F4E2DB-E4C3-4C06-AD03-E9F3463D0EC8}.Debug|Any CPU.Build.0 = Debug|Any CPU
		{71F4E2DB-E4C3-4C06-AD03-E9F3463D0EC8}.Debug|x86.ActiveCfg = Debug|Any CPU
		{71F4E2DB-E4C3-4C06-AD03-E9F3463D0EC8}.NET_1_1|Any CPU.ActiveCfg = NET_1_1|Any CPU
		{71F4E2DB-E4C3-4C06-AD03-E9F3463D0EC8}.NET_1_1|Any CPU.Build.0 = NET_1_1|Any CPU
		{71F4E2DB-E4C3-4C06-AD03-E9F3463D0EC8}.NET_1_1|x86.ActiveCfg = NET_1_1|Any CPU
		{71F4E2DB-E4C3-4C06-AD03-E9F3463D0EC8}.NET_2_0|Any CPU.ActiveCfg = NET_2_0|Any CPU
		{71F4E2DB-E4C3-4C06-AD03-E9F3463D0EC8}.NET_2_0|Any CPU.Build.0 = NET_2_0|Any CPU
		{71F4E2DB-E4C3-4C06-AD03-E9F3463D0EC8}.NET_2_0|x86.ActiveCfg = NET_2_0|Any CPU
		{71F4E2DB-E4C3-4C06-AD03-E9F3463D0EC8}.Release|Any CPU.ActiveCfg = Release|Any CPU
		{71F4E2DB-E4C3-4C06-AD03-E9F3463D0EC8}.Release|Any CPU.Build.0 = Release|Any CPU
		{71F4E2DB-E4C3-4C06-AD03-E9F3463D0EC8}.Release|x86.ActiveCfg = Release|Any CPU
		{9BB9D043-76B5-4DEF-B146-4D6F7401154B}.Debug|Any CPU.ActiveCfg = Debug|Any CPU
		{9BB9D043-76B5-4DEF-B146-4D6F7401154B}.Debug|Any CPU.Build.0 = Debug|Any CPU
		{9BB9D043-76B5-4DEF-B146-4D6F7401154B}.Debug|x86.ActiveCfg = Debug|Any CPU
		{9BB9D043-76B5-4DEF-B146-4D6F7401154B}.NET_1_1|Any CPU.ActiveCfg = NET_1_1|Any CPU
		{9BB9D043-76B5-4DEF-B146-4D6F7401154B}.NET_1_1|Any CPU.Build.0 = NET_1_1|Any CPU
		{9BB9D043-76B5-4DEF-B146-4D6F7401154B}.NET_1_1|x86.ActiveCfg = NET_1_1|Any CPU
		{9BB9D043-76B5-4DEF-B146-4D6F7401154B}.NET_2_0|Any CPU.ActiveCfg = NET_2_0|Any CPU
		{9BB9D043-76B5-4DEF-B146-4D6F7401154B}.NET_2_0|Any CPU.Build.0 = NET_2_0|Any CPU
		{9BB9D043-76B5-4DEF-B146-4D6F7401154B}.NET_2_0|x86.ActiveCfg = NET_2_0|Any CPU
		{9BB9D043-76B5-4DEF-B146-4D6F7401154B}.Release|Any CPU.ActiveCfg = Release|Any CPU
		{9BB9D043-76B5-4DEF-B146-4D6F7401154B}.Release|Any CPU.Build.0 = Release|Any CPU
		{9BB9D043-76B5-4DEF-B146-4D6F7401154B}.Release|x86.ActiveCfg = Release|Any CPU
		{BFE71D4B-66E4-467F-9649-FA699B96AC7A}.Debug|Any CPU.ActiveCfg = Debug|Any CPU
		{BFE71D4B-66E4-467F-9649-FA699B96AC7A}.Debug|Any CPU.Build.0 = Debug|Any CPU
		{BFE71D4B-66E4-467F-9649-FA699B96AC7A}.Debug|x86.ActiveCfg = Debug|Any CPU
		{BFE71D4B-66E4-467F-9649-FA699B96AC7A}.NET_1_1|Any CPU.ActiveCfg = NET_1_1|Any CPU
		{BFE71D4B-66E4-467F-9649-FA699B96AC7A}.NET_1_1|Any CPU.Build.0 = NET_1_1|Any CPU
		{BFE71D4B-66E4-467F-9649-FA699B96AC7A}.NET_1_1|x86.ActiveCfg = NET_1_1|Any CPU
		{BFE71D4B-66E4-467F-9649-FA699B96AC7A}.NET_2_0|Any CPU.ActiveCfg = NET_2_0|Any CPU
		{BFE71D4B-66E4-467F-9649-FA699B96AC7A}.NET_2_0|Any CPU.Build.0 = NET_2_0|Any CPU
		{BFE71D4B-66E4-467F-9649-FA699B96AC7A}.NET_2_0|x86.ActiveCfg = NET_2_0|Any CPU
		{BFE71D4B-66E4-467F-9649-FA699B96AC7A}.Release|Any CPU.ActiveCfg = Release|Any CPU
		{BFE71D4B-66E4-467F-9649-FA699B96AC7A}.Release|Any CPU.Build.0 = Release|Any CPU
		{BFE71D4B-66E4-467F-9649-FA699B96AC7A}.Release|x86.ActiveCfg = Release|Any CPU
		{E6030DF4-4C00-4D5C-9B90-6C13E027D913}.Debug|Any CPU.ActiveCfg = Debug|Any CPU
		{E6030DF4-4C00-4D5C-9B90-6C13E027D913}.Debug|Any CPU.Build.0 = Debug|Any CPU
		{E6030DF4-4C00-4D5C-9B90-6C13E027D913}.Debug|x86.ActiveCfg = Debug|Any CPU
		{E6030DF4-4C00-4D5C-9B90-6C13E027D913}.NET_1_1|Any CPU.ActiveCfg = NET_1_1|Any CPU
		{E6030DF4-4C00-4D5C-9B90-6C13E027D913}.NET_1_1|Any CPU.Build.0 = NET_1_1|Any CPU
		{E6030DF4-4C00-4D5C-9B90-6C13E027D913}.NET_1_1|x86.ActiveCfg = NET_1_1|Any CPU
		{E6030DF4-4C00-4D5C-9B90-6C13E027D913}.NET_2_0|Any CPU.ActiveCfg = NET_2_0|Any CPU
		{E6030DF4-4C00-4D5C-9B90-6C13E027D913}.NET_2_0|Any CPU.Build.0 = NET_2_0|Any CPU
		{E6030DF4-4C00-4D5C-9B90-6C13E027D913}.NET_2_0|x86.ActiveCfg = NET_2_0|Any CPU
		{E6030DF4-4C00-4D5C-9B90-6C13E027D913}.Release|Any CPU.ActiveCfg = Release|Any CPU
		{E6030DF4-4C00-4D5C-9B90-6C13E027D913}.Release|Any CPU.Build.0 = Release|Any CPU
		{E6030DF4-4C00-4D5C-9B90-6C13E027D913}.Release|x86.ActiveCfg = Release|Any CPU
		{ADC35D1C-39C8-4980-AE2B-57DBAE0838D1}.Debug|Any CPU.ActiveCfg = Debug|Any CPU
		{ADC35D1C-39C8-4980-AE2B-57DBAE0838D1}.Debug|Any CPU.Build.0 = Debug|Any CPU
		{ADC35D1C-39C8-4980-AE2B-57DBAE0838D1}.Debug|x86.ActiveCfg = Debug|Any CPU
		{ADC35D1C-39C8-4980-AE2B-57DBAE0838D1}.NET_1_1|Any CPU.ActiveCfg = NET_1_1|Any CPU
		{ADC35D1C-39C8-4980-AE2B-57DBAE0838D1}.NET_1_1|Any CPU.Build.0 = NET_1_1|Any CPU
		{ADC35D1C-39C8-4980-AE2B-57DBAE0838D1}.NET_1_1|x86.ActiveCfg = NET_1_1|Any CPU
		{ADC35D1C-39C8-4980-AE2B-57DBAE0838D1}.NET_2_0|Any CPU.ActiveCfg = NET_2_0|Any CPU
		{ADC35D1C-39C8-4980-AE2B-57DBAE0838D1}.NET_2_0|Any CPU.Build.0 = NET_2_0|Any CPU
		{ADC35D1C-39C8-4980-AE2B-57DBAE0838D1}.NET_2_0|x86.ActiveCfg = NET_2_0|Any CPU
		{ADC35D1C-39C8-4980-AE2B-57DBAE0838D1}.Release|Any CPU.ActiveCfg = Release|Any CPU
		{ADC35D1C-39C8-4980-AE2B-57DBAE0838D1}.Release|Any CPU.Build.0 = Release|Any CPU
		{ADC35D1C-39C8-4980-AE2B-57DBAE0838D1}.Release|x86.ActiveCfg = Release|Any CPU
		{AA7663E2-76AC-4CF3-B830-2D014F6A5166}.Debug|Any CPU.ActiveCfg = Debug|Any CPU
		{AA7663E2-76AC-4CF3-B830-2D014F6A5166}.Debug|Any CPU.Build.0 = Debug|Any CPU
		{AA7663E2-76AC-4CF3-B830-2D014F6A5166}.Debug|x86.ActiveCfg = Debug|Any CPU
		{AA7663E2-76AC-4CF3-B830-2D014F6A5166}.NET_1_1|Any CPU.ActiveCfg = NET_1_1|Any CPU
		{AA7663E2-76AC-4CF3-B830-2D014F6A5166}.NET_1_1|Any CPU.Build.0 = NET_1_1|Any CPU
		{AA7663E2-76AC-4CF3-B830-2D014F6A5166}.NET_1_1|x86.ActiveCfg = NET_1_1|Any CPU
		{AA7663E2-76AC-4CF3-B830-2D014F6A5166}.NET_2_0|Any CPU.ActiveCfg = NET_2_0|Any CPU
		{AA7663E2-76AC-4CF3-B830-2D014F6A5166}.NET_2_0|Any CPU.Build.0 = NET_2_0|Any CPU
		{AA7663E2-76AC-4CF3-B830-2D014F6A5166}.NET_2_0|x86.ActiveCfg = NET_2_0|Any CPU
		{AA7663E2-76AC-4CF3-B830-2D014F6A5166}.Release|Any CPU.ActiveCfg = Release|Any CPU
		{AA7663E2-76AC-4CF3-B830-2D014F6A5166}.Release|Any CPU.Build.0 = Release|Any CPU
		{AA7663E2-76AC-4CF3-B830-2D014F6A5166}.Release|x86.ActiveCfg = Release|Any CPU
		{AE5DC4B5-476C-441F-88F2-EEB268D90121}.Debug|Any CPU.ActiveCfg = Debug|Any CPU
		{AE5DC4B5-476C-441F-88F2-EEB268D90121}.Debug|Any CPU.Build.0 = Debug|Any CPU
		{AE5DC4B5-476C-441F-88F2-EEB268D90121}.Debug|x86.ActiveCfg = Debug|Any CPU
		{AE5DC4B5-476C-441F-88F2-EEB268D90121}.NET_1_1|Any CPU.ActiveCfg = NET_1_1|Any CPU
		{AE5DC4B5-476C-441F-88F2-EEB268D90121}.NET_1_1|x86.ActiveCfg = NET_1_1|Any CPU
		{AE5DC4B5-476C-441F-88F2-EEB268D90121}.NET_2_0|Any CPU.ActiveCfg = NET_2_0|Any CPU
		{AE5DC4B5-476C-441F-88F2-EEB268D90121}.NET_2_0|Any CPU.Build.0 = NET_2_0|Any CPU
		{AE5DC4B5-476C-441F-88F2-EEB268D90121}.NET_2_0|x86.ActiveCfg = NET_2_0|Any CPU
		{AE5DC4B5-476C-441F-88F2-EEB268D90121}.Release|Any CPU.ActiveCfg = Release|Any CPU
		{AE5DC4B5-476C-441F-88F2-EEB268D90121}.Release|Any CPU.Build.0 = Release|Any CPU
		{AE5DC4B5-476C-441F-88F2-EEB268D90121}.Release|x86.ActiveCfg = Release|Any CPU
		{A82A4D4A-007B-4870-9C24-DE21C287B43D}.Debug|Any CPU.ActiveCfg = Debug|Any CPU
		{A82A4D4A-007B-4870-9C24-DE21C287B43D}.Debug|Any CPU.Build.0 = Debug|Any CPU
		{A82A4D4A-007B-4870-9C24-DE21C287B43D}.Debug|x86.ActiveCfg = Debug|Any CPU
		{A82A4D4A-007B-4870-9C24-DE21C287B43D}.NET_1_1|Any CPU.ActiveCfg = NET_1_1|Any CPU
		{A82A4D4A-007B-4870-9C24-DE21C287B43D}.NET_1_1|x86.ActiveCfg = NET_1_1|Any CPU
		{A82A4D4A-007B-4870-9C24-DE21C287B43D}.NET_2_0|Any CPU.ActiveCfg = NET_2_0|Any CPU
		{A82A4D4A-007B-4870-9C24-DE21C287B43D}.NET_2_0|Any CPU.Build.0 = NET_2_0|Any CPU
		{A82A4D4A-007B-4870-9C24-DE21C287B43D}.NET_2_0|x86.ActiveCfg = NET_2_0|Any CPU
		{A82A4D4A-007B-4870-9C24-DE21C287B43D}.Release|Any CPU.ActiveCfg = Release|Any CPU
		{A82A4D4A-007B-4870-9C24-DE21C287B43D}.Release|x86.ActiveCfg = Release|Any CPU
		{C399F1F7-A3FE-40AC-84E7-CF34FEA80124}.Debug|Any CPU.ActiveCfg = Debug|Any CPU
		{C399F1F7-A3FE-40AC-84E7-CF34FEA80124}.Debug|Any CPU.Build.0 = Debug|Any CPU
		{C399F1F7-A3FE-40AC-84E7-CF34FEA80124}.Debug|x86.ActiveCfg = Debug|Any CPU
		{C399F1F7-A3FE-40AC-84E7-CF34FEA80124}.NET_1_1|Any CPU.ActiveCfg = Release|Any CPU
		{C399F1F7-A3FE-40AC-84E7-CF34FEA80124}.NET_1_1|Any CPU.Build.0 = Release|Any CPU
		{C399F1F7-A3FE-40AC-84E7-CF34FEA80124}.NET_1_1|x86.ActiveCfg = NET_1_1|Any CPU
		{C399F1F7-A3FE-40AC-84E7-CF34FEA80124}.NET_2_0|Any CPU.ActiveCfg = NET_2_0|Any CPU
		{C399F1F7-A3FE-40AC-84E7-CF34FEA80124}.NET_2_0|Any CPU.Build.0 = NET_2_0|Any CPU
		{C399F1F7-A3FE-40AC-84E7-CF34FEA80124}.NET_2_0|x86.ActiveCfg = NET_2_0|Any CPU
		{C399F1F7-A3FE-40AC-84E7-CF34FEA80124}.Release|Any CPU.ActiveCfg = Release|Any CPU
		{C399F1F7-A3FE-40AC-84E7-CF34FEA80124}.Release|Any CPU.Build.0 = Release|Any CPU
		{C399F1F7-A3FE-40AC-84E7-CF34FEA80124}.Release|x86.ActiveCfg = Release|Any CPU
		{829FBB2E-45E9-43AD-B987-9484CE3671E2}.Debug|Any CPU.ActiveCfg = Debug|Any CPU
		{829FBB2E-45E9-43AD-B987-9484CE3671E2}.Debug|Any CPU.Build.0 = Debug|Any CPU
		{829FBB2E-45E9-43AD-B987-9484CE3671E2}.Debug|x86.ActiveCfg = Debug|Any CPU
		{829FBB2E-45E9-43AD-B987-9484CE3671E2}.NET_1_1|Any CPU.ActiveCfg = Release|Any CPU
		{829FBB2E-45E9-43AD-B987-9484CE3671E2}.NET_1_1|Any CPU.Build.0 = Release|Any CPU
		{829FBB2E-45E9-43AD-B987-9484CE3671E2}.NET_1_1|x86.ActiveCfg = NET_1_1|Any CPU
		{829FBB2E-45E9-43AD-B987-9484CE3671E2}.NET_2_0|Any CPU.ActiveCfg = NET_2_0|Any CPU
		{829FBB2E-45E9-43AD-B987-9484CE3671E2}.NET_2_0|Any CPU.Build.0 = NET_2_0|Any CPU
		{829FBB2E-45E9-43AD-B987-9484CE3671E2}.NET_2_0|x86.ActiveCfg = NET_2_0|Any CPU
		{829FBB2E-45E9-43AD-B987-9484CE3671E2}.Release|Any CPU.ActiveCfg = Release|Any CPU
		{829FBB2E-45E9-43AD-B987-9484CE3671E2}.Release|Any CPU.Build.0 = Release|Any CPU
		{829FBB2E-45E9-43AD-B987-9484CE3671E2}.Release|x86.ActiveCfg = Release|Any CPU
		{EE6B2078-6D63-47D0-A837-3DC0859DA7E7}.Debug|Any CPU.ActiveCfg = Debug|Any CPU
		{EE6B2078-6D63-47D0-A837-3DC0859DA7E7}.Debug|Any CPU.Build.0 = Debug|Any CPU
		{EE6B2078-6D63-47D0-A837-3DC0859DA7E7}.Debug|x86.ActiveCfg = Debug|Any CPU
		{EE6B2078-6D63-47D0-A837-3DC0859DA7E7}.NET_1_1|Any CPU.ActiveCfg = Release|Any CPU
		{EE6B2078-6D63-47D0-A837-3DC0859DA7E7}.NET_1_1|Any CPU.Build.0 = Release|Any CPU
		{EE6B2078-6D63-47D0-A837-3DC0859DA7E7}.NET_1_1|x86.ActiveCfg = NET_1_1|Any CPU
		{EE6B2078-6D63-47D0-A837-3DC0859DA7E7}.NET_2_0|Any CPU.ActiveCfg = NET_2_0|Any CPU
		{EE6B2078-6D63-47D0-A837-3DC0859DA7E7}.NET_2_0|Any CPU.Build.0 = NET_2_0|Any CPU
		{EE6B2078-6D63-47D0-A837-3DC0859DA7E7}.NET_2_0|x86.ActiveCfg = NET_2_0|Any CPU
		{EE6B2078-6D63-47D0-A837-3DC0859DA7E7}.Release|Any CPU.ActiveCfg = Release|Any CPU
		{EE6B2078-6D63-47D0-A837-3DC0859DA7E7}.Release|Any CPU.Build.0 = Release|Any CPU
		{EE6B2078-6D63-47D0-A837-3DC0859DA7E7}.Release|x86.ActiveCfg = Release|Any CPU
		{944540DA-1BBA-492D-8FF9-CE3236B82345}.Debug|Any CPU.ActiveCfg = Debug|Any CPU
		{944540DA-1BBA-492D-8FF9-CE3236B82345}.Debug|Any CPU.Build.0 = Debug|Any CPU
		{944540DA-1BBA-492D-8FF9-CE3236B82345}.Debug|x86.ActiveCfg = Debug|Any CPU
		{944540DA-1BBA-492D-8FF9-CE3236B82345}.NET_1_1|Any CPU.ActiveCfg = Release|Any CPU
		{944540DA-1BBA-492D-8FF9-CE3236B82345}.NET_1_1|Any CPU.Build.0 = Release|Any CPU
		{944540DA-1BBA-492D-8FF9-CE3236B82345}.NET_1_1|x86.ActiveCfg = NET_1_1|Any CPU
		{944540DA-1BBA-492D-8FF9-CE3236B82345}.NET_2_0|Any CPU.ActiveCfg = NET_2_0|Any CPU
		{944540DA-1BBA-492D-8FF9-CE3236B82345}.NET_2_0|Any CPU.Build.0 = NET_2_0|Any CPU
		{944540DA-1BBA-492D-8FF9-CE3236B82345}.NET_2_0|x86.ActiveCfg = NET_2_0|Any CPU
		{944540DA-1BBA-492D-8FF9-CE3236B82345}.Release|Any CPU.ActiveCfg = Release|Any CPU
		{944540DA-1BBA-492D-8FF9-CE3236B82345}.Release|Any CPU.Build.0 = Release|Any CPU
		{944540DA-1BBA-492D-8FF9-CE3236B82345}.Release|x86.ActiveCfg = Release|Any CPU
		{3A0ED9F3-B2F4-4E32-BF91-4A20632E3C17}.Debug|Any CPU.ActiveCfg = Debug|Any CPU
		{3A0ED9F3-B2F4-4E32-BF91-4A20632E3C17}.Debug|Any CPU.Build.0 = Debug|Any CPU
		{3A0ED9F3-B2F4-4E32-BF91-4A20632E3C17}.Debug|x86.ActiveCfg = Debug|Any CPU
		{3A0ED9F3-B2F4-4E32-BF91-4A20632E3C17}.NET_1_1|Any CPU.ActiveCfg = Release|Any CPU
		{3A0ED9F3-B2F4-4E32-BF91-4A20632E3C17}.NET_1_1|Any CPU.Build.0 = Release|Any CPU
		{3A0ED9F3-B2F4-4E32-BF91-4A20632E3C17}.NET_1_1|x86.ActiveCfg = NET_1_1|Any CPU
		{3A0ED9F3-B2F4-4E32-BF91-4A20632E3C17}.NET_2_0|Any CPU.ActiveCfg = NET_2_0|Any CPU
		{3A0ED9F3-B2F4-4E32-BF91-4A20632E3C17}.NET_2_0|Any CPU.Build.0 = NET_2_0|Any CPU
		{3A0ED9F3-B2F4-4E32-BF91-4A20632E3C17}.NET_2_0|x86.ActiveCfg = NET_2_0|Any CPU
		{3A0ED9F3-B2F4-4E32-BF91-4A20632E3C17}.Release|Any CPU.ActiveCfg = Release|Any CPU
		{3A0ED9F3-B2F4-4E32-BF91-4A20632E3C17}.Release|Any CPU.Build.0 = Release|Any CPU
		{3A0ED9F3-B2F4-4E32-BF91-4A20632E3C17}.Release|x86.ActiveCfg = Release|Any CPU
		{0EDE568C-7311-4FAD-8C8F-5E7AE8988E00}.Debug|Any CPU.ActiveCfg = Debug|Any CPU
		{0EDE568C-7311-4FAD-8C8F-5E7AE8988E00}.Debug|Any CPU.Build.0 = Debug|Any CPU
		{0EDE568C-7311-4FAD-8C8F-5E7AE8988E00}.Debug|x86.ActiveCfg = Debug|Any CPU
		{0EDE568C-7311-4FAD-8C8F-5E7AE8988E00}.NET_1_1|Any CPU.ActiveCfg = Release|Any CPU
		{0EDE568C-7311-4FAD-8C8F-5E7AE8988E00}.NET_1_1|Any CPU.Build.0 = Release|Any CPU
		{0EDE568C-7311-4FAD-8C8F-5E7AE8988E00}.NET_1_1|x86.ActiveCfg = NET_1_1|Any CPU
		{0EDE568C-7311-4FAD-8C8F-5E7AE8988E00}.NET_2_0|Any CPU.ActiveCfg = NET_2_0|Any CPU
		{0EDE568C-7311-4FAD-8C8F-5E7AE8988E00}.NET_2_0|Any CPU.Build.0 = NET_2_0|Any CPU
		{0EDE568C-7311-4FAD-8C8F-5E7AE8988E00}.NET_2_0|x86.ActiveCfg = NET_2_0|Any CPU
		{0EDE568C-7311-4FAD-8C8F-5E7AE8988E00}.Release|Any CPU.ActiveCfg = Release|Any CPU
		{0EDE568C-7311-4FAD-8C8F-5E7AE8988E00}.Release|Any CPU.Build.0 = Release|Any CPU
		{0EDE568C-7311-4FAD-8C8F-5E7AE8988E00}.Release|x86.ActiveCfg = Release|Any CPU
		{F490E6C4-2B1C-4EC8-8D89-80EC80B93C70}.Debug|Any CPU.ActiveCfg = Debug|Any CPU
		{F490E6C4-2B1C-4EC8-8D89-80EC80B93C70}.Debug|Any CPU.Build.0 = Debug|Any CPU
		{F490E6C4-2B1C-4EC8-8D89-80EC80B93C70}.Debug|x86.ActiveCfg = Debug|Any CPU
		{F490E6C4-2B1C-4EC8-8D89-80EC80B93C70}.NET_1_1|Any CPU.ActiveCfg = NET_1_1|Any CPU
		{F490E6C4-2B1C-4EC8-8D89-80EC80B93C70}.NET_1_1|Any CPU.Build.0 = NET_1_1|Any CPU
		{F490E6C4-2B1C-4EC8-8D89-80EC80B93C70}.NET_1_1|x86.ActiveCfg = NET_1_1|Any CPU
		{F490E6C4-2B1C-4EC8-8D89-80EC80B93C70}.NET_2_0|Any CPU.ActiveCfg = NET_2_0|Any CPU
		{F490E6C4-2B1C-4EC8-8D89-80EC80B93C70}.NET_2_0|Any CPU.Build.0 = NET_2_0|Any CPU
		{F490E6C4-2B1C-4EC8-8D89-80EC80B93C70}.NET_2_0|x86.ActiveCfg = NET_2_0|Any CPU
		{F490E6C4-2B1C-4EC8-8D89-80EC80B93C70}.Release|Any CPU.ActiveCfg = Release|Any CPU
		{F490E6C4-2B1C-4EC8-8D89-80EC80B93C70}.Release|Any CPU.Build.0 = Release|Any CPU
		{F490E6C4-2B1C-4EC8-8D89-80EC80B93C70}.Release|x86.ActiveCfg = Release|Any CPU
		{533B92EA-13A3-4A45-A55F-7E2586AEFCC9}.Debug|Any CPU.ActiveCfg = Debug|Any CPU
		{533B92EA-13A3-4A45-A55F-7E2586AEFCC9}.Debug|Any CPU.Build.0 = Debug|Any CPU
		{533B92EA-13A3-4A45-A55F-7E2586AEFCC9}.Debug|x86.ActiveCfg = Debug|Any CPU
		{533B92EA-13A3-4A45-A55F-7E2586AEFCC9}.NET_1_1|Any CPU.ActiveCfg = NET_1_1|Any CPU
		{533B92EA-13A3-4A45-A55F-7E2586AEFCC9}.NET_1_1|Any CPU.Build.0 = NET_1_1|Any CPU
		{533B92EA-13A3-4A45-A55F-7E2586AEFCC9}.NET_1_1|x86.ActiveCfg = NET_1_1|Any CPU
		{533B92EA-13A3-4A45-A55F-7E2586AEFCC9}.NET_2_0|Any CPU.ActiveCfg = NET_2_0|Any CPU
		{533B92EA-13A3-4A45-A55F-7E2586AEFCC9}.NET_2_0|Any CPU.Build.0 = NET_2_0|Any CPU
		{533B92EA-13A3-4A45-A55F-7E2586AEFCC9}.NET_2_0|x86.ActiveCfg = NET_2_0|Any CPU
		{533B92EA-13A3-4A45-A55F-7E2586AEFCC9}.Release|Any CPU.ActiveCfg = Release|Any CPU
		{533B92EA-13A3-4A45-A55F-7E2586AEFCC9}.Release|Any CPU.Build.0 = Release|Any CPU
		{533B92EA-13A3-4A45-A55F-7E2586AEFCC9}.Release|x86.ActiveCfg = Release|Any CPU
		{A64B9B05-C8D0-4298-82D9-441A9D3F2E40}.Debug|Any CPU.ActiveCfg = Debug|Any CPU
		{A64B9B05-C8D0-4298-82D9-441A9D3F2E40}.Debug|Any CPU.Build.0 = Debug|Any CPU
		{A64B9B05-C8D0-4298-82D9-441A9D3F2E40}.Debug|x86.ActiveCfg = Debug|Any CPU
		{A64B9B05-C8D0-4298-82D9-441A9D3F2E40}.NET_1_1|Any CPU.ActiveCfg = NET_1_1|Any CPU
		{A64B9B05-C8D0-4298-82D9-441A9D3F2E40}.NET_1_1|Any CPU.Build.0 = NET_1_1|Any CPU
		{A64B9B05-C8D0-4298-82D9-441A9D3F2E40}.NET_1_1|x86.ActiveCfg = NET_1_1|Any CPU
		{A64B9B05-C8D0-4298-82D9-441A9D3F2E40}.NET_2_0|Any CPU.ActiveCfg = NET_2_0|Any CPU
		{A64B9B05-C8D0-4298-82D9-441A9D3F2E40}.NET_2_0|Any CPU.Build.0 = NET_2_0|Any CPU
		{A64B9B05-C8D0-4298-82D9-441A9D3F2E40}.NET_2_0|x86.ActiveCfg = NET_2_0|Any CPU
		{A64B9B05-C8D0-4298-82D9-441A9D3F2E40}.Release|Any CPU.ActiveCfg = Release|Any CPU
		{A64B9B05-C8D0-4298-82D9-441A9D3F2E40}.Release|Any CPU.Build.0 = Release|Any CPU
		{A64B9B05-C8D0-4298-82D9-441A9D3F2E40}.Release|x86.ActiveCfg = Release|Any CPU
		{08694813-3503-4CF5-9E5D-03848AAB0471}.Debug|Any CPU.ActiveCfg = Debug|Any CPU
		{08694813-3503-4CF5-9E5D-03848AAB0471}.Debug|Any CPU.Build.0 = Debug|Any CPU
		{08694813-3503-4CF5-9E5D-03848AAB0471}.Debug|x86.ActiveCfg = Debug|Any CPU
		{08694813-3503-4CF5-9E5D-03848AAB0471}.NET_1_1|Any CPU.ActiveCfg = NET_1_1|Any CPU
		{08694813-3503-4CF5-9E5D-03848AAB0471}.NET_1_1|Any CPU.Build.0 = NET_1_1|Any CPU
		{08694813-3503-4CF5-9E5D-03848AAB0471}.NET_1_1|x86.ActiveCfg = NET_1_1|Any CPU
		{08694813-3503-4CF5-9E5D-03848AAB0471}.NET_2_0|Any CPU.ActiveCfg = NET_2_0|Any CPU
		{08694813-3503-4CF5-9E5D-03848AAB0471}.NET_2_0|Any CPU.Build.0 = NET_2_0|Any CPU
		{08694813-3503-4CF5-9E5D-03848AAB0471}.NET_2_0|x86.ActiveCfg = NET_2_0|Any CPU
		{08694813-3503-4CF5-9E5D-03848AAB0471}.Release|Any CPU.ActiveCfg = Release|Any CPU
		{08694813-3503-4CF5-9E5D-03848AAB0471}.Release|Any CPU.Build.0 = Release|Any CPU
		{08694813-3503-4CF5-9E5D-03848AAB0471}.Release|x86.ActiveCfg = Release|Any CPU
		{94DC8DD8-CEEA-45E0-8290-F5BD3C1B18CC}.Debug|Any CPU.ActiveCfg = Debug|Any CPU
		{94DC8DD8-CEEA-45E0-8290-F5BD3C1B18CC}.Debug|Any CPU.Build.0 = Debug|Any CPU
		{94DC8DD8-CEEA-45E0-8290-F5BD3C1B18CC}.Debug|x86.ActiveCfg = Debug|Any CPU
		{94DC8DD8-CEEA-45E0-8290-F5BD3C1B18CC}.NET_1_1|Any CPU.ActiveCfg = NET_1_1|Any CPU
		{94DC8DD8-CEEA-45E0-8290-F5BD3C1B18CC}.NET_1_1|Any CPU.Build.0 = NET_1_1|Any CPU
		{94DC8DD8-CEEA-45E0-8290-F5BD3C1B18CC}.NET_1_1|x86.ActiveCfg = NET_1_1|Any CPU
		{94DC8DD8-CEEA-45E0-8290-F5BD3C1B18CC}.NET_2_0|Any CPU.ActiveCfg = NET_2_0|Any CPU
		{94DC8DD8-CEEA-45E0-8290-F5BD3C1B18CC}.NET_2_0|Any CPU.Build.0 = NET_2_0|Any CPU
		{94DC8DD8-CEEA-45E0-8290-F5BD3C1B18CC}.NET_2_0|x86.ActiveCfg = NET_2_0|Any CPU
		{94DC8DD8-CEEA-45E0-8290-F5BD3C1B18CC}.Release|Any CPU.ActiveCfg = Release|Any CPU
		{94DC8DD8-CEEA-45E0-8290-F5BD3C1B18CC}.Release|Any CPU.Build.0 = Release|Any CPU
		{94DC8DD8-CEEA-45E0-8290-F5BD3C1B18CC}.Release|x86.ActiveCfg = Release|Any CPU
		{82A9222F-075A-4B76-BA68-9A421DB09A28}.Debug|Any CPU.ActiveCfg = Debug|Any CPU
		{82A9222F-075A-4B76-BA68-9A421DB09A28}.Debug|Any CPU.Build.0 = Debug|Any CPU
		{82A9222F-075A-4B76-BA68-9A421DB09A28}.Debug|x86.ActiveCfg = Debug|Any CPU
		{82A9222F-075A-4B76-BA68-9A421DB09A28}.NET_1_1|Any CPU.ActiveCfg = Release|Any CPU
		{82A9222F-075A-4B76-BA68-9A421DB09A28}.NET_1_1|Any CPU.Build.0 = Release|Any CPU
		{82A9222F-075A-4B76-BA68-9A421DB09A28}.NET_1_1|x86.ActiveCfg = NET_1_1|Any CPU
		{82A9222F-075A-4B76-BA68-9A421DB09A28}.NET_2_0|Any CPU.ActiveCfg = NET_2_0|Any CPU
		{82A9222F-075A-4B76-BA68-9A421DB09A28}.NET_2_0|Any CPU.Build.0 = NET_2_0|Any CPU
		{82A9222F-075A-4B76-BA68-9A421DB09A28}.NET_2_0|x86.ActiveCfg = NET_2_0|Any CPU
		{82A9222F-075A-4B76-BA68-9A421DB09A28}.Release|Any CPU.ActiveCfg = Release|Any CPU
		{82A9222F-075A-4B76-BA68-9A421DB09A28}.Release|Any CPU.Build.0 = Release|Any CPU
		{82A9222F-075A-4B76-BA68-9A421DB09A28}.Release|x86.ActiveCfg = Release|Any CPU
		{B6FBABB4-6206-41B2-BD7C-C67E1D3D9EAA}.Debug|Any CPU.ActiveCfg = Debug|Any CPU
		{B6FBABB4-6206-41B2-BD7C-C67E1D3D9EAA}.Debug|Any CPU.Build.0 = Debug|Any CPU
		{B6FBABB4-6206-41B2-BD7C-C67E1D3D9EAA}.Debug|x86.ActiveCfg = Debug|Any CPU
		{B6FBABB4-6206-41B2-BD7C-C67E1D3D9EAA}.NET_1_1|Any CPU.ActiveCfg = Release|Any CPU
		{B6FBABB4-6206-41B2-BD7C-C67E1D3D9EAA}.NET_1_1|Any CPU.Build.0 = Release|Any CPU
		{B6FBABB4-6206-41B2-BD7C-C67E1D3D9EAA}.NET_1_1|x86.ActiveCfg = NET_1_1|Any CPU
		{B6FBABB4-6206-41B2-BD7C-C67E1D3D9EAA}.NET_2_0|Any CPU.ActiveCfg = NET_2_0|Any CPU
		{B6FBABB4-6206-41B2-BD7C-C67E1D3D9EAA}.NET_2_0|Any CPU.Build.0 = NET_2_0|Any CPU
		{B6FBABB4-6206-41B2-BD7C-C67E1D3D9EAA}.NET_2_0|x86.ActiveCfg = NET_2_0|Any CPU
		{B6FBABB4-6206-41B2-BD7C-C67E1D3D9EAA}.Release|Any CPU.ActiveCfg = Release|Any CPU
		{B6FBABB4-6206-41B2-BD7C-C67E1D3D9EAA}.Release|Any CPU.Build.0 = Release|Any CPU
		{B6FBABB4-6206-41B2-BD7C-C67E1D3D9EAA}.Release|x86.ActiveCfg = Release|Any CPU
		{5500F7FB-3506-4AC6-A52D-9DD8FC3B4583}.Debug|Any CPU.ActiveCfg = Debug|Any CPU
		{5500F7FB-3506-4AC6-A52D-9DD8FC3B4583}.Debug|Any CPU.Build.0 = Debug|Any CPU
		{5500F7FB-3506-4AC6-A52D-9DD8FC3B4583}.Debug|x86.ActiveCfg = Debug|Any CPU
		{5500F7FB-3506-4AC6-A52D-9DD8FC3B4583}.NET_1_1|Any CPU.ActiveCfg = NET_1_1|Any CPU
		{5500F7FB-3506-4AC6-A52D-9DD8FC3B4583}.NET_1_1|Any CPU.Build.0 = NET_1_1|Any CPU
		{5500F7FB-3506-4AC6-A52D-9DD8FC3B4583}.NET_1_1|x86.ActiveCfg = NET_1_1|Any CPU
		{5500F7FB-3506-4AC6-A52D-9DD8FC3B4583}.NET_2_0|Any CPU.ActiveCfg = NET_2_0|Any CPU
		{5500F7FB-3506-4AC6-A52D-9DD8FC3B4583}.NET_2_0|Any CPU.Build.0 = NET_2_0|Any CPU
		{5500F7FB-3506-4AC6-A52D-9DD8FC3B4583}.NET_2_0|x86.ActiveCfg = NET_2_0|Any CPU
		{5500F7FB-3506-4AC6-A52D-9DD8FC3B4583}.Release|Any CPU.ActiveCfg = Release|Any CPU
		{5500F7FB-3506-4AC6-A52D-9DD8FC3B4583}.Release|Any CPU.Build.0 = Release|Any CPU
		{5500F7FB-3506-4AC6-A52D-9DD8FC3B4583}.Release|x86.ActiveCfg = Release|Any CPU
		{06211A7B-46F9-4E4F-AA71-7F865B75CA89}.Debug|Any CPU.ActiveCfg = Debug|Any CPU
		{06211A7B-46F9-4E4F-AA71-7F865B75CA89}.Debug|Any CPU.Build.0 = Debug|Any CPU
		{06211A7B-46F9-4E4F-AA71-7F865B75CA89}.Debug|x86.ActiveCfg = Debug|Any CPU
		{06211A7B-46F9-4E4F-AA71-7F865B75CA89}.NET_1_1|Any CPU.ActiveCfg = Release|Any CPU
		{06211A7B-46F9-4E4F-AA71-7F865B75CA89}.NET_1_1|Any CPU.Build.0 = Release|Any CPU
		{06211A7B-46F9-4E4F-AA71-7F865B75CA89}.NET_1_1|x86.ActiveCfg = NET_1_1|Any CPU
		{06211A7B-46F9-4E4F-AA71-7F865B75CA89}.NET_2_0|Any CPU.ActiveCfg = NET_2_0|Any CPU
		{06211A7B-46F9-4E4F-AA71-7F865B75CA89}.NET_2_0|Any CPU.Build.0 = NET_2_0|Any CPU
		{06211A7B-46F9-4E4F-AA71-7F865B75CA89}.NET_2_0|x86.ActiveCfg = NET_2_0|Any CPU
		{06211A7B-46F9-4E4F-AA71-7F865B75CA89}.Release|Any CPU.ActiveCfg = Release|Any CPU
		{06211A7B-46F9-4E4F-AA71-7F865B75CA89}.Release|Any CPU.Build.0 = Release|Any CPU
		{06211A7B-46F9-4E4F-AA71-7F865B75CA89}.Release|x86.ActiveCfg = Release|Any CPU
		{73136F36-FFAE-4627-806E-8A59EDF59157}.Debug|Any CPU.ActiveCfg = Debug|Any CPU
		{73136F36-FFAE-4627-806E-8A59EDF59157}.Debug|Any CPU.Build.0 = Debug|Any CPU
		{73136F36-FFAE-4627-806E-8A59EDF59157}.Debug|x86.ActiveCfg = Debug|Any CPU
		{73136F36-FFAE-4627-806E-8A59EDF59157}.NET_1_1|Any CPU.ActiveCfg = Release|Any CPU
		{73136F36-FFAE-4627-806E-8A59EDF59157}.NET_1_1|Any CPU.Build.0 = Release|Any CPU
		{73136F36-FFAE-4627-806E-8A59EDF59157}.NET_1_1|x86.ActiveCfg = NET_1_1|Any CPU
		{73136F36-FFAE-4627-806E-8A59EDF59157}.NET_2_0|Any CPU.ActiveCfg = NET_2_0|Any CPU
		{73136F36-FFAE-4627-806E-8A59EDF59157}.NET_2_0|Any CPU.Build.0 = NET_2_0|Any CPU
		{73136F36-FFAE-4627-806E-8A59EDF59157}.NET_2_0|x86.ActiveCfg = NET_2_0|Any CPU
		{73136F36-FFAE-4627-806E-8A59EDF59157}.Release|Any CPU.ActiveCfg = Release|Any CPU
		{73136F36-FFAE-4627-806E-8A59EDF59157}.Release|Any CPU.Build.0 = Release|Any CPU
		{73136F36-FFAE-4627-806E-8A59EDF59157}.Release|x86.ActiveCfg = Release|Any CPU
		{85CEB798-6503-4F55-ADC2-0A55DD69E21C}.Debug|Any CPU.ActiveCfg = Debug|Any CPU
		{85CEB798-6503-4F55-ADC2-0A55DD69E21C}.Debug|Any CPU.Build.0 = Debug|Any CPU
		{85CEB798-6503-4F55-ADC2-0A55DD69E21C}.Debug|x86.ActiveCfg = Debug|Any CPU
		{85CEB798-6503-4F55-ADC2-0A55DD69E21C}.NET_1_1|Any CPU.ActiveCfg = Release|Any CPU
		{85CEB798-6503-4F55-ADC2-0A55DD69E21C}.NET_1_1|Any CPU.Build.0 = Release|Any CPU
		{85CEB798-6503-4F55-ADC2-0A55DD69E21C}.NET_1_1|x86.ActiveCfg = Release|Any CPU
		{85CEB798-6503-4F55-ADC2-0A55DD69E21C}.NET_2_0|Any CPU.ActiveCfg = Release|Any CPU
		{85CEB798-6503-4F55-ADC2-0A55DD69E21C}.NET_2_0|Any CPU.Build.0 = Release|Any CPU
		{85CEB798-6503-4F55-ADC2-0A55DD69E21C}.NET_2_0|x86.ActiveCfg = Release|Any CPU
		{85CEB798-6503-4F55-ADC2-0A55DD69E21C}.Release|Any CPU.ActiveCfg = Release|Any CPU
		{85CEB798-6503-4F55-ADC2-0A55DD69E21C}.Release|Any CPU.Build.0 = Release|Any CPU
		{85CEB798-6503-4F55-ADC2-0A55DD69E21C}.Release|x86.ActiveCfg = Release|Any CPU
		{599950D0-BE0E-4DD8-8D8A-89213A7F2265}.Debug|Any CPU.ActiveCfg = Debug|Any CPU
		{599950D0-BE0E-4DD8-8D8A-89213A7F2265}.Debug|Any CPU.Build.0 = Debug|Any CPU
		{599950D0-BE0E-4DD8-8D8A-89213A7F2265}.Debug|x86.ActiveCfg = Debug|Any CPU
		{599950D0-BE0E-4DD8-8D8A-89213A7F2265}.NET_1_1|Any CPU.ActiveCfg = Release|Any CPU
		{599950D0-BE0E-4DD8-8D8A-89213A7F2265}.NET_1_1|Any CPU.Build.0 = Release|Any CPU
		{599950D0-BE0E-4DD8-8D8A-89213A7F2265}.NET_1_1|x86.ActiveCfg = Release|Any CPU
		{599950D0-BE0E-4DD8-8D8A-89213A7F2265}.NET_2_0|Any CPU.ActiveCfg = Release|Any CPU
		{599950D0-BE0E-4DD8-8D8A-89213A7F2265}.NET_2_0|Any CPU.Build.0 = Release|Any CPU
		{599950D0-BE0E-4DD8-8D8A-89213A7F2265}.NET_2_0|x86.ActiveCfg = Release|Any CPU
		{599950D0-BE0E-4DD8-8D8A-89213A7F2265}.Release|Any CPU.ActiveCfg = Release|Any CPU
		{599950D0-BE0E-4DD8-8D8A-89213A7F2265}.Release|Any CPU.Build.0 = Release|Any CPU
		{599950D0-BE0E-4DD8-8D8A-89213A7F2265}.Release|x86.ActiveCfg = Release|Any CPU
		{1F27C30E-D5B9-4BFF-A350-B8D08122B677}.Debug|Any CPU.ActiveCfg = Debug|Any CPU
		{1F27C30E-D5B9-4BFF-A350-B8D08122B677}.Debug|Any CPU.Build.0 = Debug|Any CPU
		{1F27C30E-D5B9-4BFF-A350-B8D08122B677}.Debug|x86.ActiveCfg = Debug|Any CPU
		{1F27C30E-D5B9-4BFF-A350-B8D08122B677}.NET_1_1|Any CPU.ActiveCfg = NET_1_1|Any CPU
		{1F27C30E-D5B9-4BFF-A350-B8D08122B677}.NET_1_1|Any CPU.Build.0 = NET_1_1|Any CPU
		{1F27C30E-D5B9-4BFF-A350-B8D08122B677}.NET_1_1|x86.ActiveCfg = NET_1_1|Any CPU
		{1F27C30E-D5B9-4BFF-A350-B8D08122B677}.NET_2_0|Any CPU.ActiveCfg = NET_2_0|Any CPU
		{1F27C30E-D5B9-4BFF-A350-B8D08122B677}.NET_2_0|Any CPU.Build.0 = NET_2_0|Any CPU
		{1F27C30E-D5B9-4BFF-A350-B8D08122B677}.NET_2_0|x86.ActiveCfg = NET_2_0|Any CPU
		{1F27C30E-D5B9-4BFF-A350-B8D08122B677}.Release|Any CPU.ActiveCfg = Release|Any CPU
		{1F27C30E-D5B9-4BFF-A350-B8D08122B677}.Release|Any CPU.Build.0 = Release|Any CPU
		{1F27C30E-D5B9-4BFF-A350-B8D08122B677}.Release|x86.ActiveCfg = Release|Any CPU
		{3F95B01D-0285-459C-A1EA-61919B8C8E0F}.Debug|Any CPU.ActiveCfg = Debug|Any CPU
		{3F95B01D-0285-459C-A1EA-61919B8C8E0F}.Debug|Any CPU.Build.0 = Debug|Any CPU
		{3F95B01D-0285-459C-A1EA-61919B8C8E0F}.Debug|x86.ActiveCfg = Debug|Any CPU
		{3F95B01D-0285-459C-A1EA-61919B8C8E0F}.NET_1_1|Any CPU.ActiveCfg = Release|Any CPU
		{3F95B01D-0285-459C-A1EA-61919B8C8E0F}.NET_1_1|Any CPU.Build.0 = Release|Any CPU
		{3F95B01D-0285-459C-A1EA-61919B8C8E0F}.NET_1_1|x86.ActiveCfg = NET_2_0|Any CPU
		{3F95B01D-0285-459C-A1EA-61919B8C8E0F}.NET_2_0|Any CPU.ActiveCfg = NET_2_0|Any CPU
		{3F95B01D-0285-459C-A1EA-61919B8C8E0F}.NET_2_0|Any CPU.Build.0 = NET_2_0|Any CPU
		{3F95B01D-0285-459C-A1EA-61919B8C8E0F}.NET_2_0|x86.ActiveCfg = NET_2_0|Any CPU
		{3F95B01D-0285-459C-A1EA-61919B8C8E0F}.Release|Any CPU.ActiveCfg = Release|Any CPU
		{3F95B01D-0285-459C-A1EA-61919B8C8E0F}.Release|Any CPU.Build.0 = Release|Any CPU
		{3F95B01D-0285-459C-A1EA-61919B8C8E0F}.Release|x86.ActiveCfg = Release|Any CPU
		{0B65B021-66CF-4810-82D0-878E730F7E1A}.Debug|Any CPU.ActiveCfg = Debug|Any CPU
		{0B65B021-66CF-4810-82D0-878E730F7E1A}.Debug|Any CPU.Build.0 = Debug|Any CPU
		{0B65B021-66CF-4810-82D0-878E730F7E1A}.Debug|x86.ActiveCfg = Debug|Any CPU
		{0B65B021-66CF-4810-82D0-878E730F7E1A}.NET_1_1|Any CPU.ActiveCfg = Release|Any CPU
		{0B65B021-66CF-4810-82D0-878E730F7E1A}.NET_1_1|Any CPU.Build.0 = Release|Any CPU
		{0B65B021-66CF-4810-82D0-878E730F7E1A}.NET_1_1|x86.ActiveCfg = Release|Any CPU
		{0B65B021-66CF-4810-82D0-878E730F7E1A}.NET_2_0|Any CPU.ActiveCfg = Release|Any CPU
		{0B65B021-66CF-4810-82D0-878E730F7E1A}.NET_2_0|Any CPU.Build.0 = Release|Any CPU
		{0B65B021-66CF-4810-82D0-878E730F7E1A}.NET_2_0|x86.ActiveCfg = Release|Any CPU
		{0B65B021-66CF-4810-82D0-878E730F7E1A}.Release|Any CPU.ActiveCfg = Release|Any CPU
		{0B65B021-66CF-4810-82D0-878E730F7E1A}.Release|Any CPU.Build.0 = Release|Any CPU
		{0B65B021-66CF-4810-82D0-878E730F7E1A}.Release|x86.ActiveCfg = Release|Any CPU
		{111D11D4-A5B1-4348-973E-BCB60B6F4A09}.Debug|Any CPU.ActiveCfg = Debug|Any CPU
		{111D11D4-A5B1-4348-973E-BCB60B6F4A09}.Debug|Any CPU.Build.0 = Debug|Any CPU
		{111D11D4-A5B1-4348-973E-BCB60B6F4A09}.Debug|x86.ActiveCfg = Debug|Any CPU
		{111D11D4-A5B1-4348-973E-BCB60B6F4A09}.NET_1_1|Any CPU.ActiveCfg = Release|Any CPU
		{111D11D4-A5B1-4348-973E-BCB60B6F4A09}.NET_1_1|Any CPU.Build.0 = Release|Any CPU
		{111D11D4-A5B1-4348-973E-BCB60B6F4A09}.NET_1_1|x86.ActiveCfg = Release|Any CPU
		{111D11D4-A5B1-4348-973E-BCB60B6F4A09}.NET_2_0|Any CPU.ActiveCfg = Release|Any CPU
		{111D11D4-A5B1-4348-973E-BCB60B6F4A09}.NET_2_0|Any CPU.Build.0 = Release|Any CPU
		{111D11D4-A5B1-4348-973E-BCB60B6F4A09}.NET_2_0|x86.ActiveCfg = Release|Any CPU
		{111D11D4-A5B1-4348-973E-BCB60B6F4A09}.Release|Any CPU.ActiveCfg = Release|Any CPU
		{111D11D4-A5B1-4348-973E-BCB60B6F4A09}.Release|Any CPU.Build.0 = Release|Any CPU
		{111D11D4-A5B1-4348-973E-BCB60B6F4A09}.Release|x86.ActiveCfg = Release|Any CPU
		{F2BB1376-2228-4D32-8220-E8D6CD61EFD2}.Debug|Any CPU.ActiveCfg = Debug|Any CPU
		{F2BB1376-2228-4D32-8220-E8D6CD61EFD2}.Debug|Any CPU.Build.0 = Debug|Any CPU
		{F2BB1376-2228-4D32-8220-E8D6CD61EFD2}.Debug|x86.ActiveCfg = Debug|Any CPU
		{F2BB1376-2228-4D32-8220-E8D6CD61EFD2}.NET_1_1|Any CPU.ActiveCfg = Release|Any CPU
		{F2BB1376-2228-4D32-8220-E8D6CD61EFD2}.NET_1_1|Any CPU.Build.0 = Release|Any CPU
		{F2BB1376-2228-4D32-8220-E8D6CD61EFD2}.NET_1_1|x86.ActiveCfg = Release|Any CPU
		{F2BB1376-2228-4D32-8220-E8D6CD61EFD2}.NET_2_0|Any CPU.ActiveCfg = Release|Any CPU
		{F2BB1376-2228-4D32-8220-E8D6CD61EFD2}.NET_2_0|Any CPU.Build.0 = Release|Any CPU
		{F2BB1376-2228-4D32-8220-E8D6CD61EFD2}.NET_2_0|x86.ActiveCfg = Release|Any CPU
		{F2BB1376-2228-4D32-8220-E8D6CD61EFD2}.Release|Any CPU.ActiveCfg = Release|Any CPU
		{F2BB1376-2228-4D32-8220-E8D6CD61EFD2}.Release|Any CPU.Build.0 = Release|Any CPU
		{F2BB1376-2228-4D32-8220-E8D6CD61EFD2}.Release|x86.ActiveCfg = Release|Any CPU
		{EF0FE527-1B39-4739-9F60-581B2D56789B}.Debug|Any CPU.ActiveCfg = Debug|Any CPU
		{EF0FE527-1B39-4739-9F60-581B2D56789B}.Debug|Any CPU.Build.0 = Debug|Any CPU
		{EF0FE527-1B39-4739-9F60-581B2D56789B}.Debug|x86.ActiveCfg = Debug|Any CPU
		{EF0FE527-1B39-4739-9F60-581B2D56789B}.NET_1_1|Any CPU.ActiveCfg = Release|Any CPU
		{EF0FE527-1B39-4739-9F60-581B2D56789B}.NET_1_1|Any CPU.Build.0 = Release|Any CPU
		{EF0FE527-1B39-4739-9F60-581B2D56789B}.NET_1_1|x86.ActiveCfg = Release|Any CPU
		{EF0FE527-1B39-4739-9F60-581B2D56789B}.NET_2_0|Any CPU.ActiveCfg = Release|Any CPU
		{EF0FE527-1B39-4739-9F60-581B2D56789B}.NET_2_0|Any CPU.Build.0 = Release|Any CPU
		{EF0FE527-1B39-4739-9F60-581B2D56789B}.NET_2_0|x86.ActiveCfg = Release|Any CPU
		{EF0FE527-1B39-4739-9F60-581B2D56789B}.Release|Any CPU.ActiveCfg = Release|Any CPU
		{EF0FE527-1B39-4739-9F60-581B2D56789B}.Release|Any CPU.Build.0 = Release|Any CPU
		{EF0FE527-1B39-4739-9F60-581B2D56789B}.Release|x86.ActiveCfg = Release|Any CPU
		{703A4208-BE66-4039-890E-572F937F8D17}.Debug|Any CPU.ActiveCfg = Debug|Any CPU
		{703A4208-BE66-4039-890E-572F937F8D17}.Debug|Any CPU.Build.0 = Debug|Any CPU
		{703A4208-BE66-4039-890E-572F937F8D17}.Debug|x86.ActiveCfg = Debug|Any CPU
		{703A4208-BE66-4039-890E-572F937F8D17}.NET_1_1|Any CPU.ActiveCfg = Release|Any CPU
		{703A4208-BE66-4039-890E-572F937F8D17}.NET_1_1|Any CPU.Build.0 = Release|Any CPU
		{703A4208-BE66-4039-890E-572F937F8D17}.NET_1_1|x86.ActiveCfg = Release|Any CPU
		{703A4208-BE66-4039-890E-572F937F8D17}.NET_2_0|Any CPU.ActiveCfg = Release|Any CPU
		{703A4208-BE66-4039-890E-572F937F8D17}.NET_2_0|Any CPU.Build.0 = Release|Any CPU
		{703A4208-BE66-4039-890E-572F937F8D17}.NET_2_0|x86.ActiveCfg = Release|Any CPU
		{703A4208-BE66-4039-890E-572F937F8D17}.Release|Any CPU.ActiveCfg = Release|Any CPU
		{703A4208-BE66-4039-890E-572F937F8D17}.Release|Any CPU.Build.0 = Release|Any CPU
		{703A4208-BE66-4039-890E-572F937F8D17}.Release|x86.ActiveCfg = Release|Any CPU
		{1CA600DC-4B3A-4B1A-A3E8-E505594B853D}.Debug|Any CPU.ActiveCfg = Debug|Any CPU
		{1CA600DC-4B3A-4B1A-A3E8-E505594B853D}.Debug|Any CPU.Build.0 = Debug|Any CPU
		{1CA600DC-4B3A-4B1A-A3E8-E505594B853D}.Debug|x86.ActiveCfg = Debug|Any CPU
		{1CA600DC-4B3A-4B1A-A3E8-E505594B853D}.NET_1_1|Any CPU.ActiveCfg = NET_1_1|Any CPU
		{1CA600DC-4B3A-4B1A-A3E8-E505594B853D}.NET_1_1|Any CPU.Build.0 = NET_1_1|Any CPU
		{1CA600DC-4B3A-4B1A-A3E8-E505594B853D}.NET_1_1|x86.ActiveCfg = NET_1_1|Any CPU
		{1CA600DC-4B3A-4B1A-A3E8-E505594B853D}.NET_2_0|Any CPU.ActiveCfg = NET_2_0|Any CPU
		{1CA600DC-4B3A-4B1A-A3E8-E505594B853D}.NET_2_0|Any CPU.Build.0 = NET_2_0|Any CPU
		{1CA600DC-4B3A-4B1A-A3E8-E505594B853D}.NET_2_0|x86.ActiveCfg = NET_2_0|Any CPU
		{1CA600DC-4B3A-4B1A-A3E8-E505594B853D}.Release|Any CPU.ActiveCfg = Release|Any CPU
		{1CA600DC-4B3A-4B1A-A3E8-E505594B853D}.Release|Any CPU.Build.0 = Release|Any CPU
		{1CA600DC-4B3A-4B1A-A3E8-E505594B853D}.Release|x86.ActiveCfg = Release|Any CPU
		{95BA6975-BE85-4439-ACF8-2FDCC5238AD8}.Debug|Any CPU.ActiveCfg = Debug|Any CPU
		{95BA6975-BE85-4439-ACF8-2FDCC5238AD8}.Debug|Any CPU.Build.0 = Debug|Any CPU
		{95BA6975-BE85-4439-ACF8-2FDCC5238AD8}.Debug|x86.ActiveCfg = Debug|Any CPU
		{95BA6975-BE85-4439-ACF8-2FDCC5238AD8}.NET_1_1|Any CPU.ActiveCfg = NET_1_1|Any CPU
		{95BA6975-BE85-4439-ACF8-2FDCC5238AD8}.NET_1_1|Any CPU.Build.0 = NET_1_1|Any CPU
		{95BA6975-BE85-4439-ACF8-2FDCC5238AD8}.NET_1_1|x86.ActiveCfg = NET_1_1|Any CPU
		{95BA6975-BE85-4439-ACF8-2FDCC5238AD8}.NET_2_0|Any CPU.ActiveCfg = NET_1_1|Any CPU
		{95BA6975-BE85-4439-ACF8-2FDCC5238AD8}.NET_2_0|Any CPU.Build.0 = NET_1_1|Any CPU
		{95BA6975-BE85-4439-ACF8-2FDCC5238AD8}.NET_2_0|x86.ActiveCfg = NET_2_0|Any CPU
		{95BA6975-BE85-4439-ACF8-2FDCC5238AD8}.Release|Any CPU.ActiveCfg = Release|Any CPU
		{95BA6975-BE85-4439-ACF8-2FDCC5238AD8}.Release|Any CPU.Build.0 = Release|Any CPU
		{95BA6975-BE85-4439-ACF8-2FDCC5238AD8}.Release|x86.ActiveCfg = Release|Any CPU
		{FAE72538-9C15-4E44-BFA4-FFB15541D0D7}.Debug|Any CPU.ActiveCfg = Debug|Any CPU
		{FAE72538-9C15-4E44-BFA4-FFB15541D0D7}.Debug|Any CPU.Build.0 = Debug|Any CPU
		{FAE72538-9C15-4E44-BFA4-FFB15541D0D7}.Debug|x86.ActiveCfg = Debug|Any CPU
		{FAE72538-9C15-4E44-BFA4-FFB15541D0D7}.NET_1_1|Any CPU.ActiveCfg = Release|Any CPU
		{FAE72538-9C15-4E44-BFA4-FFB15541D0D7}.NET_1_1|Any CPU.Build.0 = Release|Any CPU
		{FAE72538-9C15-4E44-BFA4-FFB15541D0D7}.NET_1_1|x86.ActiveCfg = Release|Any CPU
		{FAE72538-9C15-4E44-BFA4-FFB15541D0D7}.NET_2_0|Any CPU.ActiveCfg = Release|Any CPU
		{FAE72538-9C15-4E44-BFA4-FFB15541D0D7}.NET_2_0|Any CPU.Build.0 = Release|Any CPU
		{FAE72538-9C15-4E44-BFA4-FFB15541D0D7}.NET_2_0|x86.ActiveCfg = Release|Any CPU
		{FAE72538-9C15-4E44-BFA4-FFB15541D0D7}.Release|Any CPU.ActiveCfg = Release|Any CPU
		{FAE72538-9C15-4E44-BFA4-FFB15541D0D7}.Release|Any CPU.Build.0 = Release|Any CPU
		{FAE72538-9C15-4E44-BFA4-FFB15541D0D7}.Release|x86.ActiveCfg = Release|Any CPU
		{DE0FCF96-8BDA-4A8E-9FBA-FD25CA1CD012}.Debug|Any CPU.ActiveCfg = Debug|Any CPU
		{DE0FCF96-8BDA-4A8E-9FBA-FD25CA1CD012}.Debug|Any CPU.Build.0 = Debug|Any CPU
		{DE0FCF96-8BDA-4A8E-9FBA-FD25CA1CD012}.Debug|x86.ActiveCfg = Debug|x86
		{DE0FCF96-8BDA-4A8E-9FBA-FD25CA1CD012}.Debug|x86.Build.0 = Debug|x86
		{DE0FCF96-8BDA-4A8E-9FBA-FD25CA1CD012}.NET_1_1|Any CPU.ActiveCfg = Release|Any CPU
		{DE0FCF96-8BDA-4A8E-9FBA-FD25CA1CD012}.NET_1_1|Any CPU.Build.0 = Release|Any CPU
		{DE0FCF96-8BDA-4A8E-9FBA-FD25CA1CD012}.NET_1_1|x86.ActiveCfg = Release|x86
		{DE0FCF96-8BDA-4A8E-9FBA-FD25CA1CD012}.NET_1_1|x86.Build.0 = Release|x86
		{DE0FCF96-8BDA-4A8E-9FBA-FD25CA1CD012}.NET_2_0|Any CPU.ActiveCfg = Release|Any CPU
		{DE0FCF96-8BDA-4A8E-9FBA-FD25CA1CD012}.NET_2_0|Any CPU.Build.0 = Release|Any CPU
		{DE0FCF96-8BDA-4A8E-9FBA-FD25CA1CD012}.NET_2_0|x86.ActiveCfg = Release|x86
		{DE0FCF96-8BDA-4A8E-9FBA-FD25CA1CD012}.NET_2_0|x86.Build.0 = Release|x86
		{DE0FCF96-8BDA-4A8E-9FBA-FD25CA1CD012}.Release|Any CPU.ActiveCfg = Release|Any CPU
		{DE0FCF96-8BDA-4A8E-9FBA-FD25CA1CD012}.Release|Any CPU.Build.0 = Release|Any CPU
		{DE0FCF96-8BDA-4A8E-9FBA-FD25CA1CD012}.Release|x86.ActiveCfg = Release|x86
		{DE0FCF96-8BDA-4A8E-9FBA-FD25CA1CD012}.Release|x86.Build.0 = Release|x86
		{2DD981E6-ECCB-4D2E-BCF9-9A0D194BDE8E}.Debug|Any CPU.ActiveCfg = Debug|Any CPU
		{2DD981E6-ECCB-4D2E-BCF9-9A0D194BDE8E}.Debug|Any CPU.Build.0 = Debug|Any CPU
		{2DD981E6-ECCB-4D2E-BCF9-9A0D194BDE8E}.Debug|x86.ActiveCfg = Debug|Any CPU
		{2DD981E6-ECCB-4D2E-BCF9-9A0D194BDE8E}.NET_1_1|Any CPU.ActiveCfg = Release|Any CPU
		{2DD981E6-ECCB-4D2E-BCF9-9A0D194BDE8E}.NET_1_1|Any CPU.Build.0 = Release|Any CPU
		{2DD981E6-ECCB-4D2E-BCF9-9A0D194BDE8E}.NET_1_1|x86.ActiveCfg = Release|Any CPU
		{2DD981E6-ECCB-4D2E-BCF9-9A0D194BDE8E}.NET_2_0|Any CPU.ActiveCfg = NET_2_0|Any CPU
		{2DD981E6-ECCB-4D2E-BCF9-9A0D194BDE8E}.NET_2_0|Any CPU.Build.0 = NET_2_0|Any CPU
		{2DD981E6-ECCB-4D2E-BCF9-9A0D194BDE8E}.NET_2_0|x86.ActiveCfg = Release|Any CPU
		{2DD981E6-ECCB-4D2E-BCF9-9A0D194BDE8E}.Release|Any CPU.ActiveCfg = Release|Any CPU
		{2DD981E6-ECCB-4D2E-BCF9-9A0D194BDE8E}.Release|Any CPU.Build.0 = Release|Any CPU
		{2DD981E6-ECCB-4D2E-BCF9-9A0D194BDE8E}.Release|x86.ActiveCfg = Release|Any CPU
		{EE84C812-B6A0-496C-9370-48B5312AAB93}.Debug|Any CPU.ActiveCfg = Debug|Any CPU
		{EE84C812-B6A0-496C-9370-48B5312AAB93}.Debug|Any CPU.Build.0 = Debug|Any CPU
		{EE84C812-B6A0-496C-9370-48B5312AAB93}.Debug|x86.ActiveCfg = Debug|Any CPU
		{EE84C812-B6A0-496C-9370-48B5312AAB93}.NET_1_1|Any CPU.ActiveCfg = Release|Any CPU
		{EE84C812-B6A0-496C-9370-48B5312AAB93}.NET_1_1|Any CPU.Build.0 = Release|Any CPU
		{EE84C812-B6A0-496C-9370-48B5312AAB93}.NET_1_1|x86.ActiveCfg = Release|Any CPU
		{EE84C812-B6A0-496C-9370-48B5312AAB93}.NET_2_0|Any CPU.ActiveCfg = NET_2_0|Any CPU
		{EE84C812-B6A0-496C-9370-48B5312AAB93}.NET_2_0|Any CPU.Build.0 = NET_2_0|Any CPU
		{EE84C812-B6A0-496C-9370-48B5312AAB93}.NET_2_0|x86.ActiveCfg = Release|Any CPU
		{EE84C812-B6A0-496C-9370-48B5312AAB93}.Release|Any CPU.ActiveCfg = Release|Any CPU
		{EE84C812-B6A0-496C-9370-48B5312AAB93}.Release|Any CPU.Build.0 = Release|Any CPU
		{EE84C812-B6A0-496C-9370-48B5312AAB93}.Release|x86.ActiveCfg = Release|Any CPU
		{477ADB48-CF73-4266-A31D-1F90F352676C}.Debug|Any CPU.ActiveCfg = Debug|Any CPU
		{477ADB48-CF73-4266-A31D-1F90F352676C}.Debug|Any CPU.Build.0 = Debug|Any CPU
		{477ADB48-CF73-4266-A31D-1F90F352676C}.Debug|x86.ActiveCfg = Debug|Any CPU
		{477ADB48-CF73-4266-A31D-1F90F352676C}.NET_1_1|Any CPU.ActiveCfg = Release|Any CPU
		{477ADB48-CF73-4266-A31D-1F90F352676C}.NET_1_1|Any CPU.Build.0 = Release|Any CPU
		{477ADB48-CF73-4266-A31D-1F90F352676C}.NET_1_1|x86.ActiveCfg = Release|Any CPU
		{477ADB48-CF73-4266-A31D-1F90F352676C}.NET_2_0|Any CPU.ActiveCfg = Release|Any CPU
		{477ADB48-CF73-4266-A31D-1F90F352676C}.NET_2_0|Any CPU.Build.0 = Release|Any CPU
		{477ADB48-CF73-4266-A31D-1F90F352676C}.NET_2_0|x86.ActiveCfg = Release|Any CPU
		{477ADB48-CF73-4266-A31D-1F90F352676C}.Release|Any CPU.ActiveCfg = Release|Any CPU
		{477ADB48-CF73-4266-A31D-1F90F352676C}.Release|Any CPU.Build.0 = Release|Any CPU
		{477ADB48-CF73-4266-A31D-1F90F352676C}.Release|x86.ActiveCfg = Release|Any CPU
		{6A818A71-7B55-49E7-B9C1-437F36074D39}.Debug|Any CPU.ActiveCfg = Debug|Any CPU
		{6A818A71-7B55-49E7-B9C1-437F36074D39}.Debug|Any CPU.Build.0 = Debug|Any CPU
		{6A818A71-7B55-49E7-B9C1-437F36074D39}.Debug|x86.ActiveCfg = Debug|Any CPU
		{6A818A71-7B55-49E7-B9C1-437F36074D39}.NET_1_1|Any CPU.ActiveCfg = Release|Any CPU
		{6A818A71-7B55-49E7-B9C1-437F36074D39}.NET_1_1|Any CPU.Build.0 = Release|Any CPU
		{6A818A71-7B55-49E7-B9C1-437F36074D39}.NET_1_1|x86.ActiveCfg = Release|Any CPU
		{6A818A71-7B55-49E7-B9C1-437F36074D39}.NET_2_0|Any CPU.ActiveCfg = Release|Any CPU
		{6A818A71-7B55-49E7-B9C1-437F36074D39}.NET_2_0|Any CPU.Build.0 = Release|Any CPU
		{6A818A71-7B55-49E7-B9C1-437F36074D39}.NET_2_0|x86.ActiveCfg = Release|Any CPU
		{6A818A71-7B55-49E7-B9C1-437F36074D39}.Release|Any CPU.ActiveCfg = Release|Any CPU
		{6A818A71-7B55-49E7-B9C1-437F36074D39}.Release|Any CPU.Build.0 = Release|Any CPU
		{6A818A71-7B55-49E7-B9C1-437F36074D39}.Release|x86.ActiveCfg = Release|Any CPU
	EndGlobalSection
	GlobalSection(SolutionProperties) = preSolution
		HideSolutionNode = FALSE
	EndGlobalSection
EndGlobal
